// !$*UTF8*$!
{
	archiveVersion = 1;
	classes = {
	};
	objectVersion = 46;
	objects = {

/* Begin PBXBuildFile section */
		FA038E8C14C4EF3F00FB1142 /* RKLargeCellViewiPhone.xib in Resources */ = {isa = PBXBuildFile; fileRef = FA038E8B14C4EF3F00FB1142 /* RKLargeCellViewiPhone.xib */; };
		FA1538B214CDF7540083A68B /* landscapeBackround-iPhone.png in Resources */ = {isa = PBXBuildFile; fileRef = FA1538B014CDF7540083A68B /* landscapeBackround-iPhone.png */; };
		FA1538B314CDF7540083A68B /* portraitBackround-iPhone.png in Resources */ = {isa = PBXBuildFile; fileRef = FA1538B114CDF7540083A68B /* portraitBackround-iPhone.png */; };
		FA1538FF14CDFCC60083A68B /* SpeakerViewController.m in Sources */ = {isa = PBXBuildFile; fileRef = FA1538FD14CDFCC60083A68B /* SpeakerViewController.m */; };
		FA15390014CDFCC60083A68B /* SpeakerViewController_iPad.xib in Resources */ = {isa = PBXBuildFile; fileRef = FA1538FE14CDFCC60083A68B /* SpeakerViewController_iPad.xib */; };
		FA15390214CDFCF30083A68B /* SpeakerViewController_iPhone.xib in Resources */ = {isa = PBXBuildFile; fileRef = FA15390114CDFCF30083A68B /* SpeakerViewController_iPhone.xib */; };
		FA15390414CDFFF60083A68B /* world@2x.png in Resources */ = {isa = PBXBuildFile; fileRef = FA15390314CDFFF60083A68B /* world@2x.png */; };
		FA15390614CE01890083A68B /* games@2x.png in Resources */ = {isa = PBXBuildFile; fileRef = FA15390514CE01890083A68B /* games@2x.png */; };
		FA15390A14CE02150083A68B /* games.png in Resources */ = {isa = PBXBuildFile; fileRef = FA15390814CE02150083A68B /* games.png */; };
		FA15390B14CE02150083A68B /* world.png in Resources */ = {isa = PBXBuildFile; fileRef = FA15390914CE02150083A68B /* world.png */; };
		FA15392814CE07950083A68B /* UIView+InnerShadow.m in Sources */ = {isa = PBXBuildFile; fileRef = FA15391514CE07940083A68B /* UIView+InnerShadow.m */; };
		FA15392914CE07950083A68B /* UIView+Positioning.m in Sources */ = {isa = PBXBuildFile; fileRef = FA15391714CE07950083A68B /* UIView+Positioning.m */; };
		FA15392A14CE07950083A68B /* UIView+Size.m in Sources */ = {isa = PBXBuildFile; fileRef = FA15391914CE07950083A68B /* UIView+Size.m */; };
		FA15392B14CE07950083A68B /* JMSelectionView.m in Sources */ = {isa = PBXBuildFile; fileRef = FA15391C14CE07950083A68B /* JMSelectionView.m */; };
		FA15392C14CE07950083A68B /* JMTabContainer.m in Sources */ = {isa = PBXBuildFile; fileRef = FA15391F14CE07950083A68B /* JMTabContainer.m */; };
		FA15392D14CE07950083A68B /* JMTabItem.m in Sources */ = {isa = PBXBuildFile; fileRef = FA15392114CE07950083A68B /* JMTabItem.m */; };
		FA15392E14CE07950083A68B /* JMTabView.m in Sources */ = {isa = PBXBuildFile; fileRef = FA15392314CE07950083A68B /* JMTabView.m */; };
		FA15392F14CE07950083A68B /* BarBackgroundLayer.m in Sources */ = {isa = PBXBuildFile; fileRef = FA15392614CE07950083A68B /* BarBackgroundLayer.m */; };
		FA15393114CE07BE0083A68B /* QuartzCore.framework in Frameworks */ = {isa = PBXBuildFile; fileRef = FA15393014CE07BE0083A68B /* QuartzCore.framework */; };
		FA15393414CE0A090083A68B /* BTTabBarController.m in Sources */ = {isa = PBXBuildFile; fileRef = FA15393314CE0A090083A68B /* BTTabBarController.m */; };
		FA15393F14CE12F90083A68B /* BTTabBarBackroundLayer.m in Sources */ = {isa = PBXBuildFile; fileRef = FA15393814CE12F90083A68B /* BTTabBarBackroundLayer.m */; };
		FA15394114CE12F90083A68B /* CustomSelectionView.m in Sources */ = {isa = PBXBuildFile; fileRef = FA15393C14CE12F90083A68B /* CustomSelectionView.m */; };
		FA15394514CE1F680083A68B /* noise-tile.png in Resources */ = {isa = PBXBuildFile; fileRef = FA15394314CE1F670083A68B /* noise-tile.png */; };
		FA15394614CE1F680083A68B /* noise-tile@2x.png in Resources */ = {isa = PBXBuildFile; fileRef = FA15394414CE1F670083A68B /* noise-tile@2x.png */; };
		FA15394A14CE2A720083A68B /* TabBarHeader.png in Resources */ = {isa = PBXBuildFile; fileRef = FA15394914CE2A710083A68B /* TabBarHeader.png */; };
		FA26EF2214D5F63E009C7E26 /* UIView+JMNoise.m in Sources */ = {isa = PBXBuildFile; fileRef = FA26EF2114D5F63E009C7E26 /* UIView+JMNoise.m */; };
		FA288DF414C8C69800F470BE /* View.xib in Resources */ = {isa = PBXBuildFile; fileRef = FA288DF314C8C69800F470BE /* View.xib */; };
		FA288DF814C8EB2300F470BE /* landscapeBackround.png in Resources */ = {isa = PBXBuildFile; fileRef = FA288DF614C8EB2300F470BE /* landscapeBackround.png */; };
		FA288DFD14C8EDE300F470BE /* portraitBackround.png in Resources */ = {isa = PBXBuildFile; fileRef = FA288DFC14C8EDE300F470BE /* portraitBackround.png */; };
		FA34227F14D0A4D500D82961 /* UIImage+RKImage.m in Sources */ = {isa = PBXBuildFile; fileRef = FA34227E14D0A4D500D82961 /* UIImage+RKImage.m */; };
		FA3FA25114EC2C4E00EA7C90 /* SpeakerTableViewCell.m in Sources */ = {isa = PBXBuildFile; fileRef = FA3FA25014EC2C4E00EA7C90 /* SpeakerTableViewCell.m */; };
		FA3FA25314EC2C6800EA7C90 /* SpeakerTableViewCell.xib in Resources */ = {isa = PBXBuildFile; fileRef = FA3FA25214EC2C6800EA7C90 /* SpeakerTableViewCell.xib */; };
		FA3FA25714EC30E700EA7C90 /* SpeakerBackroundView.m in Sources */ = {isa = PBXBuildFile; fileRef = FA3FA25614EC30E700EA7C90 /* SpeakerBackroundView.m */; };
		FA3FA25A14EC34F500EA7C90 /* speakerImageBackround.png in Resources */ = {isa = PBXBuildFile; fileRef = FA3FA25814EC34F500EA7C90 /* speakerImageBackround.png */; };
		FA3FA25B14EC34F500EA7C90 /* speakerBackround.png in Resources */ = {isa = PBXBuildFile; fileRef = FA3FA25914EC34F500EA7C90 /* speakerBackround.png */; };
		FA3FA25E14EC440300EA7C90 /* UIUnderlinedButton.m in Sources */ = {isa = PBXBuildFile; fileRef = FA3FA25D14EC440300EA7C90 /* UIUnderlinedButton.m */; };
		FA3FA26114EC472700EA7C90 /* shot.jpg in Resources */ = {isa = PBXBuildFile; fileRef = FA3FA26014EC472700EA7C90 /* shot.jpg */; };
		FA488AAD14EDC91400333B1E /* topicsCellBackroundSelected.png in Resources */ = {isa = PBXBuildFile; fileRef = FA488AAB14EDC91400333B1E /* topicsCellBackroundSelected.png */; };
		FA488AAE14EDC91400333B1E /* topicsCellBackround.png in Resources */ = {isa = PBXBuildFile; fileRef = FA488AAC14EDC91400333B1E /* topicsCellBackround.png */; };
		FA488AB814EDD13D00333B1E /* TopicTableViewCell.m in Sources */ = {isa = PBXBuildFile; fileRef = FA488AB714EDD13D00333B1E /* TopicTableViewCell.m */; };
		FA488ABA14EDD15700333B1E /* TopicTableViewCell.xib in Resources */ = {isa = PBXBuildFile; fileRef = FA488AB914EDD15700333B1E /* TopicTableViewCell.xib */; };
		FA488AC014EDDDD200333B1E /* piggy.png in Resources */ = {isa = PBXBuildFile; fileRef = FA488ABF14EDDDD200333B1E /* piggy.png */; };
		FA488AE814EE01DA00333B1E /* AQGridView.m in Sources */ = {isa = PBXBuildFile; fileRef = FA488AD414EE01DA00333B1E /* AQGridView.m */; };
		FA488AE914EE01DA00333B1E /* AQGridViewAnimatorItem.m in Sources */ = {isa = PBXBuildFile; fileRef = FA488AD614EE01DA00333B1E /* AQGridViewAnimatorItem.m */; };
		FA488AEA14EE01DA00333B1E /* AQGridViewCell.m in Sources */ = {isa = PBXBuildFile; fileRef = FA488AD914EE01DA00333B1E /* AQGridViewCell.m */; };
		FA488AEB14EE01DA00333B1E /* AQGridViewController.m in Sources */ = {isa = PBXBuildFile; fileRef = FA488ADB14EE01DA00333B1E /* AQGridViewController.m */; };
		FA488AEC14EE01DA00333B1E /* AQGridViewData.m in Sources */ = {isa = PBXBuildFile; fileRef = FA488ADD14EE01DA00333B1E /* AQGridViewData.m */; };
		FA488AED14EE01DA00333B1E /* AQGridViewUpdateInfo.m in Sources */ = {isa = PBXBuildFile; fileRef = FA488ADF14EE01DA00333B1E /* AQGridViewUpdateInfo.m */; };
		FA488AEE14EE01DA00333B1E /* AQGridViewUpdateItem.m in Sources */ = {isa = PBXBuildFile; fileRef = FA488AE114EE01DA00333B1E /* AQGridViewUpdateItem.m */; };
		FA488AEF14EE01DA00333B1E /* NSIndexSet+AQIndexesOutsideSet.m in Sources */ = {isa = PBXBuildFile; fileRef = FA488AE314EE01DA00333B1E /* NSIndexSet+AQIndexesOutsideSet.m */; };
		FA488AF014EE01DA00333B1E /* NSIndexSet+AQIsSetContiguous.m in Sources */ = {isa = PBXBuildFile; fileRef = FA488AE514EE01DA00333B1E /* NSIndexSet+AQIsSetContiguous.m */; };
		FA488AF114EE01DA00333B1E /* UIColor+AQGridView.m in Sources */ = {isa = PBXBuildFile; fileRef = FA488AE714EE01DA00333B1E /* UIColor+AQGridView.m */; };
		FA488AF414EE085800333B1E /* TopicsGridViewCell.m in Sources */ = {isa = PBXBuildFile; fileRef = FA488AF314EE085800333B1E /* TopicsGridViewCell.m */; };
		FA70B54B14C4B5FE00DD3D3B /* RKMediumCellView.xib in Resources */ = {isa = PBXBuildFile; fileRef = FA70B54A14C4B5FE00DD3D3B /* RKMediumCellView.xib */; };
		FA70B54F14C4BE9700DD3D3B /* RKMediumCellView.m in Sources */ = {isa = PBXBuildFile; fileRef = FA70B54E14C4BE9700DD3D3B /* RKMediumCellView.m */; };
		FA70B55214C4C46D00DD3D3B /* RKLargeCellView.m in Sources */ = {isa = PBXBuildFile; fileRef = FA70B55114C4C46D00DD3D3B /* RKLargeCellView.m */; };
		FA72ED7314C3DBB2001A7C25 /* 72Icon.png in Resources */ = {isa = PBXBuildFile; fileRef = FA72ED7214C3DBB2001A7C25 /* 72Icon.png */; };
		FA72ED7514C3DBBC001A7C25 /* 57Icon.png in Resources */ = {isa = PBXBuildFile; fileRef = FA72ED7414C3DBBC001A7C25 /* 57Icon.png */; };
		FA79E5CF14D4B07400282817 /* DataBank.m in Sources */ = {isa = PBXBuildFile; fileRef = FA79E5CE14D4B07400282817 /* DataBank.m */; };
		FA80768014CF452E0081A55A /* BTTabBarItem.m in Sources */ = {isa = PBXBuildFile; fileRef = FA80767F14CF452E0081A55A /* BTTabBarItem.m */; };
		FA80768314CF49E10081A55A /* gamesSelected.png in Resources */ = {isa = PBXBuildFile; fileRef = FA80768114CF49E10081A55A /* gamesSelected.png */; };
		FA80768414CF49E10081A55A /* worldSelected.png in Resources */ = {isa = PBXBuildFile; fileRef = FA80768214CF49E10081A55A /* worldSelected.png */; };
		FA80768C14CF50FC0081A55A /* BTTabView.m in Sources */ = {isa = PBXBuildFile; fileRef = FA80768B14CF50FC0081A55A /* BTTabView.m */; };
		FA80769814CF6F270081A55A /* FXLabel.m in Sources */ = {isa = PBXBuildFile; fileRef = FA80769714CF6F270081A55A /* FXLabel.m */; };
		FA867AF514EB2CAC00DC3AC6 /* MediaPlayer.framework in Frameworks */ = {isa = PBXBuildFile; fileRef = FA867AF414EB2CAB00DC3AC6 /* MediaPlayer.framework */; };
		FACB55DF14E970A300D3C45F /* RKCellViewController.m in Sources */ = {isa = PBXBuildFile; fileRef = FACB55DD14E970A300D3C45F /* RKCellViewController.m */; };
		FACB55E014E970A300D3C45F /* RKCellViewController.xib in Resources */ = {isa = PBXBuildFile; fileRef = FACB55DE14E970A300D3C45F /* RKCellViewController.xib */; };
		FACB55E414E9725100D3C45F /* ExploreCellBackround.png in Resources */ = {isa = PBXBuildFile; fileRef = FACB55E314E9725100D3C45F /* ExploreCellBackround.png */; };
		FACB55E714E97B2E00D3C45F /* BTVideo.m in Sources */ = {isa = PBXBuildFile; fileRef = FACB55E614E97B2E00D3C45F /* BTVideo.m */; };
		FACB55EA14E97B3E00D3C45F /* BTSpeaker.m in Sources */ = {isa = PBXBuildFile; fileRef = FACB55E914E97B3E00D3C45F /* BTSpeaker.m */; };
		FACB55ED14E98A0700D3C45F /* playButton.png in Resources */ = {isa = PBXBuildFile; fileRef = FACB55EB14E98A0600D3C45F /* playButton.png */; };
		FACB55EE14E98A0700D3C45F /* playButtonSelected.png in Resources */ = {isa = PBXBuildFile; fileRef = FACB55EC14E98A0700D3C45F /* playButtonSelected.png */; };
		FACB55F014E98BE600D3C45F /* buttonCase.png in Resources */ = {isa = PBXBuildFile; fileRef = FACB55EF14E98BE600D3C45F /* buttonCase.png */; };
		FACB55F214E98DEF00D3C45F /* saveButtonImage.png in Resources */ = {isa = PBXBuildFile; fileRef = FACB55F114E98DEF00D3C45F /* saveButtonImage.png */; };
		FACB55F414E98EE000D3C45F /* greyButtonBackroundImage.png in Resources */ = {isa = PBXBuildFile; fileRef = FACB55F314E98EE000D3C45F /* greyButtonBackroundImage.png */; };
		FACB55F814E98FF100D3C45F /* greyButtonBackroundImageSelected.png in Resources */ = {isa = PBXBuildFile; fileRef = FACB55F714E98FEF00D3C45F /* greyButtonBackroundImageSelected.png */; };
		FACB55FF14E991BC00D3C45F /* likeButtonImageSelected.png in Resources */ = {isa = PBXBuildFile; fileRef = FACB55FA14E991BC00D3C45F /* likeButtonImageSelected.png */; };
		FACB560014E991BC00D3C45F /* likeButtonImage.png in Resources */ = {isa = PBXBuildFile; fileRef = FACB55FB14E991BC00D3C45F /* likeButtonImage.png */; };
		FACB560114E991BC00D3C45F /* shareButtonImageSelected.png in Resources */ = {isa = PBXBuildFile; fileRef = FACB55FC14E991BC00D3C45F /* shareButtonImageSelected.png */; };
		FACB560214E991BC00D3C45F /* shareButtonImage.png in Resources */ = {isa = PBXBuildFile; fileRef = FACB55FD14E991BC00D3C45F /* shareButtonImage.png */; };
		FACB560314E991BC00D3C45F /* saveButtonImageSelected.png in Resources */ = {isa = PBXBuildFile; fileRef = FACB55FE14E991BC00D3C45F /* saveButtonImageSelected.png */; };
		FAD5038514D7149800E8F891 /* 46-movie-2.png in Resources */ = {isa = PBXBuildFile; fileRef = FAD5038414D7149800E8F891 /* 46-movie-2.png */; };
		FAD5038814D714B800E8F891 /* 34-coffee.png in Resources */ = {isa = PBXBuildFile; fileRef = FAD5038714D714B800E8F891 /* 34-coffee.png */; };
		FAD5038A14D714D100E8F891 /* 06-magnify.png in Resources */ = {isa = PBXBuildFile; fileRef = FAD5038914D714D100E8F891 /* 06-magnify.png */; };
		FAD5038C14D714EC00E8F891 /* magnifyingglass.png in Resources */ = {isa = PBXBuildFile; fileRef = FAD5038B14D714EC00E8F891 /* magnifyingglass.png */; };
		FAD5038E14D714F500E8F891 /* fire.png in Resources */ = {isa = PBXBuildFile; fileRef = FAD5038D14D714F500E8F891 /* fire.png */; };
		FAD5039514D7157400E8F891 /* FeaturedViewController.m in Sources */ = {isa = PBXBuildFile; fileRef = FAD5039314D7157400E8F891 /* FeaturedViewController.m */; };
		FAD5039614D7157400E8F891 /* FeaturedViewController.xib in Resources */ = {isa = PBXBuildFile; fileRef = FAD5039414D7157400E8F891 /* FeaturedViewController.xib */; };
		FAD5039A14D7159B00E8F891 /* CatagoriesViewController.m in Sources */ = {isa = PBXBuildFile; fileRef = FAD5039814D7159B00E8F891 /* CatagoriesViewController.m */; };
		FAD5039B14D7159B00E8F891 /* CatagoriesViewController.xib in Resources */ = {isa = PBXBuildFile; fileRef = FAD5039914D7159B00E8F891 /* CatagoriesViewController.xib */; };
		FAD503A814D7378E00E8F891 /* magnifyingglassSelected.png in Resources */ = {isa = PBXBuildFile; fileRef = FAD503A514D7378E00E8F891 /* magnifyingglassSelected.png */; };
		FAD503A914D7378E00E8F891 /* fireSelected.png in Resources */ = {isa = PBXBuildFile; fileRef = FAD503A614D7378E00E8F891 /* fireSelected.png */; };
		FAD503AA14D7378E00E8F891 /* 46-movie-2Selected.png in Resources */ = {isa = PBXBuildFile; fileRef = FAD503A714D7378E00E8F891 /* 46-movie-2Selected.png */; };
		FAD9270714EC6B3C00237861 /* SpeakerModalViewController.m in Sources */ = {isa = PBXBuildFile; fileRef = FAD9270514EC6B3C00237861 /* SpeakerModalViewController.m */; };
		FAD9270814EC6B3C00237861 /* SpeakerModalViewController.xib in Resources */ = {isa = PBXBuildFile; fileRef = FAD9270614EC6B3C00237861 /* SpeakerModalViewController.xib */; };
		FAFBEB0414C37BD100235178 /* UIKit.framework in Frameworks */ = {isa = PBXBuildFile; fileRef = FAFBEB0314C37BD100235178 /* UIKit.framework */; };
		FAFBEB0614C37BD100235178 /* Foundation.framework in Frameworks */ = {isa = PBXBuildFile; fileRef = FAFBEB0514C37BD100235178 /* Foundation.framework */; };
		FAFBEB0814C37BD100235178 /* CoreGraphics.framework in Frameworks */ = {isa = PBXBuildFile; fileRef = FAFBEB0714C37BD100235178 /* CoreGraphics.framework */; };
		FAFBEB0E14C37BD100235178 /* InfoPlist.strings in Resources */ = {isa = PBXBuildFile; fileRef = FAFBEB0C14C37BD100235178 /* InfoPlist.strings */; };
		FAFBEB1014C37BD100235178 /* main.m in Sources */ = {isa = PBXBuildFile; fileRef = FAFBEB0F14C37BD100235178 /* main.m */; };
		FAFBEB1414C37BD100235178 /* AppDelegate.m in Sources */ = {isa = PBXBuildFile; fileRef = FAFBEB1314C37BD100235178 /* AppDelegate.m */; };
		FAFBEB1714C37BD100235178 /* ExploreViewController.m in Sources */ = {isa = PBXBuildFile; fileRef = FAFBEB1614C37BD100235178 /* ExploreViewController.m */; };
		FAFBEB1A14C37BD100235178 /* ExploreViewController_iPhone.xib in Resources */ = {isa = PBXBuildFile; fileRef = FAFBEB1814C37BD100235178 /* ExploreViewController_iPhone.xib */; };
		FAFBEB1D14C37BD100235178 /* ExploreViewController_iPad.xib in Resources */ = {isa = PBXBuildFile; fileRef = FAFBEB1B14C37BD100235178 /* ExploreViewController_iPad.xib */; };
		FAFBEB2914C37C6B00235178 /* three.png in Resources */ = {isa = PBXBuildFile; fileRef = FAFBEB2314C37C6B00235178 /* three.png */; };
		FAFBEB2A14C37C6B00235178 /* two.png in Resources */ = {isa = PBXBuildFile; fileRef = FAFBEB2414C37C6B00235178 /* two.png */; };
		FAFBEB2B14C37C6B00235178 /* one.png in Resources */ = {isa = PBXBuildFile; fileRef = FAFBEB2514C37C6B00235178 /* one.png */; };
		FAFBEB2C14C37C6B00235178 /* ChaparralPro-Regular.otf in Resources */ = {isa = PBXBuildFile; fileRef = FAFBEB2614C37C6B00235178 /* ChaparralPro-Regular.otf */; };
		FAFBEB2D14C37C6B00235178 /* bt.png in Resources */ = {isa = PBXBuildFile; fileRef = FAFBEB2714C37C6B00235178 /* bt.png */; };
		FAFBEB3414C37CA900235178 /* RKMatrixView.m in Sources */ = {isa = PBXBuildFile; fileRef = FAFBEB3114C37CA900235178 /* RKMatrixView.m */; };
		FAFBEB3514C37CA900235178 /* RKMatrixViewCell.m in Sources */ = {isa = PBXBuildFile; fileRef = FAFBEB3314C37CA900235178 /* RKMatrixViewCell.m */; };
		FAFBEB3914C37CC600235178 /* UIColor+RKColor.m in Sources */ = {isa = PBXBuildFile; fileRef = FAFBEB3814C37CC600235178 /* UIColor+RKColor.m */; };
		FAFBEB4D14C3B5A300235178 /* RKLargeCellView.xib in Resources */ = {isa = PBXBuildFile; fileRef = FAFBEB4C14C3B5A300235178 /* RKLargeCellView.xib */; };
/* End PBXBuildFile section */

/* Begin PBXFileReference section */
		FA038E8B14C4EF3F00FB1142 /* RKLargeCellViewiPhone.xib */ = {isa = PBXFileReference; fileEncoding = 4; lastKnownFileType = file.xib; path = RKLargeCellViewiPhone.xib; sourceTree = "<group>"; };
		FA1538B014CDF7540083A68B /* landscapeBackround-iPhone.png */ = {isa = PBXFileReference; lastKnownFileType = image.png; path = "landscapeBackround-iPhone.png"; sourceTree = "<group>"; };
		FA1538B114CDF7540083A68B /* portraitBackround-iPhone.png */ = {isa = PBXFileReference; lastKnownFileType = image.png; path = "portraitBackround-iPhone.png"; sourceTree = "<group>"; };
		FA1538FC14CDFCC60083A68B /* SpeakerViewController.h */ = {isa = PBXFileReference; fileEncoding = 4; lastKnownFileType = sourcecode.c.h; path = SpeakerViewController.h; sourceTree = "<group>"; };
		FA1538FD14CDFCC60083A68B /* SpeakerViewController.m */ = {isa = PBXFileReference; fileEncoding = 4; lastKnownFileType = sourcecode.c.objc; path = SpeakerViewController.m; sourceTree = "<group>"; };
		FA1538FE14CDFCC60083A68B /* SpeakerViewController_iPad.xib */ = {isa = PBXFileReference; fileEncoding = 4; lastKnownFileType = file.xib; path = SpeakerViewController_iPad.xib; sourceTree = "<group>"; };
		FA15390114CDFCF30083A68B /* SpeakerViewController_iPhone.xib */ = {isa = PBXFileReference; fileEncoding = 4; lastKnownFileType = file.xib; path = SpeakerViewController_iPhone.xib; sourceTree = "<group>"; };
		FA15390314CDFFF60083A68B /* world@2x.png */ = {isa = PBXFileReference; lastKnownFileType = image.png; path = "world@2x.png"; sourceTree = "<group>"; };
		FA15390514CE01890083A68B /* games@2x.png */ = {isa = PBXFileReference; lastKnownFileType = image.png; path = "games@2x.png"; sourceTree = "<group>"; };
		FA15390814CE02150083A68B /* games.png */ = {isa = PBXFileReference; lastKnownFileType = image.png; path = games.png; sourceTree = "<group>"; };
		FA15390914CE02150083A68B /* world.png */ = {isa = PBXFileReference; lastKnownFileType = image.png; path = world.png; sourceTree = "<group>"; };
		FA15391414CE07940083A68B /* UIView+InnerShadow.h */ = {isa = PBXFileReference; fileEncoding = 4; lastKnownFileType = sourcecode.c.h; path = "UIView+InnerShadow.h"; sourceTree = "<group>"; };
		FA15391514CE07940083A68B /* UIView+InnerShadow.m */ = {isa = PBXFileReference; fileEncoding = 4; lastKnownFileType = sourcecode.c.objc; path = "UIView+InnerShadow.m"; sourceTree = "<group>"; };
		FA15391614CE07940083A68B /* UIView+Positioning.h */ = {isa = PBXFileReference; fileEncoding = 4; lastKnownFileType = sourcecode.c.h; path = "UIView+Positioning.h"; sourceTree = "<group>"; };
		FA15391714CE07950083A68B /* UIView+Positioning.m */ = {isa = PBXFileReference; fileEncoding = 4; lastKnownFileType = sourcecode.c.objc; path = "UIView+Positioning.m"; sourceTree = "<group>"; };
		FA15391814CE07950083A68B /* UIView+Size.h */ = {isa = PBXFileReference; fileEncoding = 4; lastKnownFileType = sourcecode.c.h; path = "UIView+Size.h"; sourceTree = "<group>"; };
		FA15391914CE07950083A68B /* UIView+Size.m */ = {isa = PBXFileReference; fileEncoding = 4; lastKnownFileType = sourcecode.c.objc; path = "UIView+Size.m"; sourceTree = "<group>"; };
		FA15391B14CE07950083A68B /* JMSelectionView.h */ = {isa = PBXFileReference; fileEncoding = 4; lastKnownFileType = sourcecode.c.h; path = JMSelectionView.h; sourceTree = "<group>"; };
		FA15391C14CE07950083A68B /* JMSelectionView.m */ = {isa = PBXFileReference; fileEncoding = 4; lastKnownFileType = sourcecode.c.objc; path = JMSelectionView.m; sourceTree = "<group>"; };
		FA15391D14CE07950083A68B /* JMTabConstants.h */ = {isa = PBXFileReference; fileEncoding = 4; lastKnownFileType = sourcecode.c.h; path = JMTabConstants.h; sourceTree = "<group>"; };
		FA15391E14CE07950083A68B /* JMTabContainer.h */ = {isa = PBXFileReference; fileEncoding = 4; lastKnownFileType = sourcecode.c.h; path = JMTabContainer.h; sourceTree = "<group>"; };
		FA15391F14CE07950083A68B /* JMTabContainer.m */ = {isa = PBXFileReference; fileEncoding = 4; lastKnownFileType = sourcecode.c.objc; path = JMTabContainer.m; sourceTree = "<group>"; };
		FA15392014CE07950083A68B /* JMTabItem.h */ = {isa = PBXFileReference; fileEncoding = 4; lastKnownFileType = sourcecode.c.h; path = JMTabItem.h; sourceTree = "<group>"; };
		FA15392114CE07950083A68B /* JMTabItem.m */ = {isa = PBXFileReference; fileEncoding = 4; lastKnownFileType = sourcecode.c.objc; path = JMTabItem.m; sourceTree = "<group>"; };
		FA15392214CE07950083A68B /* JMTabView.h */ = {isa = PBXFileReference; fileEncoding = 4; lastKnownFileType = sourcecode.c.h; path = JMTabView.h; sourceTree = "<group>"; };
		FA15392314CE07950083A68B /* JMTabView.m */ = {isa = PBXFileReference; fileEncoding = 4; lastKnownFileType = sourcecode.c.objc; path = JMTabView.m; sourceTree = "<group>"; };
		FA15392514CE07950083A68B /* BarBackgroundLayer.h */ = {isa = PBXFileReference; fileEncoding = 4; lastKnownFileType = sourcecode.c.h; path = BarBackgroundLayer.h; sourceTree = "<group>"; };
		FA15392614CE07950083A68B /* BarBackgroundLayer.m */ = {isa = PBXFileReference; fileEncoding = 4; lastKnownFileType = sourcecode.c.objc; path = BarBackgroundLayer.m; sourceTree = "<group>"; };
		FA15393014CE07BE0083A68B /* QuartzCore.framework */ = {isa = PBXFileReference; lastKnownFileType = wrapper.framework; name = QuartzCore.framework; path = System/Library/Frameworks/QuartzCore.framework; sourceTree = SDKROOT; };
		FA15393214CE0A090083A68B /* BTTabBarController.h */ = {isa = PBXFileReference; fileEncoding = 4; lastKnownFileType = sourcecode.c.h; name = BTTabBarController.h; path = "Big Think/BTTabBarController.h"; sourceTree = "<group>"; };
		FA15393314CE0A090083A68B /* BTTabBarController.m */ = {isa = PBXFileReference; fileEncoding = 4; lastKnownFileType = sourcecode.c.objc; name = BTTabBarController.m; path = "Big Think/BTTabBarController.m"; sourceTree = "<group>"; };
		FA15393714CE12F90083A68B /* BTTabBarBackroundLayer.h */ = {isa = PBXFileReference; fileEncoding = 4; lastKnownFileType = sourcecode.c.h; name = BTTabBarBackroundLayer.h; path = Custom/BTTabBarBackroundLayer.h; sourceTree = "<group>"; };
		FA15393814CE12F90083A68B /* BTTabBarBackroundLayer.m */ = {isa = PBXFileReference; fileEncoding = 4; lastKnownFileType = sourcecode.c.objc; name = BTTabBarBackroundLayer.m; path = Custom/BTTabBarBackroundLayer.m; sourceTree = "<group>"; };
		FA15393B14CE12F90083A68B /* CustomSelectionView.h */ = {isa = PBXFileReference; fileEncoding = 4; lastKnownFileType = sourcecode.c.h; name = CustomSelectionView.h; path = Custom/CustomSelectionView.h; sourceTree = "<group>"; };
		FA15393C14CE12F90083A68B /* CustomSelectionView.m */ = {isa = PBXFileReference; fileEncoding = 4; lastKnownFileType = sourcecode.c.objc; name = CustomSelectionView.m; path = Custom/CustomSelectionView.m; sourceTree = "<group>"; };
		FA15394314CE1F670083A68B /* noise-tile.png */ = {isa = PBXFileReference; lastKnownFileType = image.png; path = "noise-tile.png"; sourceTree = "<group>"; };
		FA15394414CE1F670083A68B /* noise-tile@2x.png */ = {isa = PBXFileReference; lastKnownFileType = image.png; path = "noise-tile@2x.png"; sourceTree = "<group>"; };
		FA15394914CE2A710083A68B /* TabBarHeader.png */ = {isa = PBXFileReference; lastKnownFileType = image.png; path = TabBarHeader.png; sourceTree = "<group>"; };
		FA26EF2014D5F63E009C7E26 /* UIView+JMNoise.h */ = {isa = PBXFileReference; fileEncoding = 4; lastKnownFileType = sourcecode.c.h; path = "UIView+JMNoise.h"; sourceTree = "<group>"; };
		FA26EF2114D5F63E009C7E26 /* UIView+JMNoise.m */ = {isa = PBXFileReference; fileEncoding = 4; lastKnownFileType = sourcecode.c.objc; path = "UIView+JMNoise.m"; sourceTree = "<group>"; };
		FA288DF314C8C69800F470BE /* View.xib */ = {isa = PBXFileReference; fileEncoding = 4; lastKnownFileType = file.xib; path = View.xib; sourceTree = "<group>"; };
		FA288DF614C8EB2300F470BE /* landscapeBackround.png */ = {isa = PBXFileReference; lastKnownFileType = image.png; path = landscapeBackround.png; sourceTree = "<group>"; };
		FA288DFC14C8EDE300F470BE /* portraitBackround.png */ = {isa = PBXFileReference; lastKnownFileType = image.png; path = portraitBackround.png; sourceTree = "<group>"; };
		FA34227D14D0A4D500D82961 /* UIImage+RKImage.h */ = {isa = PBXFileReference; fileEncoding = 4; lastKnownFileType = sourcecode.c.h; path = "UIImage+RKImage.h"; sourceTree = "<group>"; };
		FA34227E14D0A4D500D82961 /* UIImage+RKImage.m */ = {isa = PBXFileReference; fileEncoding = 4; lastKnownFileType = sourcecode.c.objc; path = "UIImage+RKImage.m"; sourceTree = "<group>"; };
		FA3FA24F14EC2C4E00EA7C90 /* SpeakerTableViewCell.h */ = {isa = PBXFileReference; fileEncoding = 4; lastKnownFileType = sourcecode.c.h; path = SpeakerTableViewCell.h; sourceTree = "<group>"; };
		FA3FA25014EC2C4E00EA7C90 /* SpeakerTableViewCell.m */ = {isa = PBXFileReference; fileEncoding = 4; lastKnownFileType = sourcecode.c.objc; path = SpeakerTableViewCell.m; sourceTree = "<group>"; };
		FA3FA25214EC2C6800EA7C90 /* SpeakerTableViewCell.xib */ = {isa = PBXFileReference; fileEncoding = 4; lastKnownFileType = file.xib; path = SpeakerTableViewCell.xib; sourceTree = "<group>"; };
		FA3FA25514EC30E700EA7C90 /* SpeakerBackroundView.h */ = {isa = PBXFileReference; fileEncoding = 4; lastKnownFileType = sourcecode.c.h; path = SpeakerBackroundView.h; sourceTree = "<group>"; };
		FA3FA25614EC30E700EA7C90 /* SpeakerBackroundView.m */ = {isa = PBXFileReference; fileEncoding = 4; lastKnownFileType = sourcecode.c.objc; path = SpeakerBackroundView.m; sourceTree = "<group>"; };
		FA3FA25814EC34F500EA7C90 /* speakerImageBackround.png */ = {isa = PBXFileReference; lastKnownFileType = image.png; path = speakerImageBackround.png; sourceTree = "<group>"; };
		FA3FA25914EC34F500EA7C90 /* speakerBackround.png */ = {isa = PBXFileReference; lastKnownFileType = image.png; path = speakerBackround.png; sourceTree = "<group>"; };
		FA3FA25C14EC440300EA7C90 /* UIUnderlinedButton.h */ = {isa = PBXFileReference; fileEncoding = 4; lastKnownFileType = sourcecode.c.h; path = UIUnderlinedButton.h; sourceTree = "<group>"; };
		FA3FA25D14EC440300EA7C90 /* UIUnderlinedButton.m */ = {isa = PBXFileReference; fileEncoding = 4; lastKnownFileType = sourcecode.c.objc; path = UIUnderlinedButton.m; sourceTree = "<group>"; };
		FA3FA26014EC472700EA7C90 /* shot.jpg */ = {isa = PBXFileReference; lastKnownFileType = image.jpeg; path = shot.jpg; sourceTree = "<group>"; };
		FA488AAB14EDC91400333B1E /* topicsCellBackroundSelected.png */ = {isa = PBXFileReference; lastKnownFileType = image.png; path = topicsCellBackroundSelected.png; sourceTree = "<group>"; };
		FA488AAC14EDC91400333B1E /* topicsCellBackround.png */ = {isa = PBXFileReference; lastKnownFileType = image.png; path = topicsCellBackround.png; sourceTree = "<group>"; };
		FA488AB614EDD13D00333B1E /* TopicTableViewCell.h */ = {isa = PBXFileReference; fileEncoding = 4; lastKnownFileType = sourcecode.c.h; path = TopicTableViewCell.h; sourceTree = "<group>"; };
		FA488AB714EDD13D00333B1E /* TopicTableViewCell.m */ = {isa = PBXFileReference; fileEncoding = 4; lastKnownFileType = sourcecode.c.objc; path = TopicTableViewCell.m; sourceTree = "<group>"; };
		FA488AB914EDD15700333B1E /* TopicTableViewCell.xib */ = {isa = PBXFileReference; fileEncoding = 4; lastKnownFileType = file.xib; path = TopicTableViewCell.xib; sourceTree = "<group>"; };
		FA488ABF14EDDDD200333B1E /* piggy.png */ = {isa = PBXFileReference; lastKnownFileType = image.png; path = piggy.png; sourceTree = "<group>"; };
		FA488AD114EE01DA00333B1E /* AQGridView+CellLayout.h */ = {isa = PBXFileReference; fileEncoding = 4; lastKnownFileType = sourcecode.c.h; path = "AQGridView+CellLayout.h"; sourceTree = "<group>"; };
		FA488AD214EE01DA00333B1E /* AQGridView+CellLocationDelegation.h */ = {isa = PBXFileReference; fileEncoding = 4; lastKnownFileType = sourcecode.c.h; path = "AQGridView+CellLocationDelegation.h"; sourceTree = "<group>"; };
		FA488AD314EE01DA00333B1E /* AQGridView.h */ = {isa = PBXFileReference; fileEncoding = 4; lastKnownFileType = sourcecode.c.h; path = AQGridView.h; sourceTree = "<group>"; };
		FA488AD414EE01DA00333B1E /* AQGridView.m */ = {isa = PBXFileReference; fileEncoding = 4; lastKnownFileType = sourcecode.c.objc; path = AQGridView.m; sourceTree = "<group>"; };
		FA488AD514EE01DA00333B1E /* AQGridViewAnimatorItem.h */ = {isa = PBXFileReference; fileEncoding = 4; lastKnownFileType = sourcecode.c.h; path = AQGridViewAnimatorItem.h; sourceTree = "<group>"; };
		FA488AD614EE01DA00333B1E /* AQGridViewAnimatorItem.m */ = {isa = PBXFileReference; fileEncoding = 4; lastKnownFileType = sourcecode.c.objc; path = AQGridViewAnimatorItem.m; sourceTree = "<group>"; };
		FA488AD714EE01DA00333B1E /* AQGridViewCell+AQGridViewCellPrivate.h */ = {isa = PBXFileReference; fileEncoding = 4; lastKnownFileType = sourcecode.c.h; path = "AQGridViewCell+AQGridViewCellPrivate.h"; sourceTree = "<group>"; };
		FA488AD814EE01DA00333B1E /* AQGridViewCell.h */ = {isa = PBXFileReference; fileEncoding = 4; lastKnownFileType = sourcecode.c.h; path = AQGridViewCell.h; sourceTree = "<group>"; };
		FA488AD914EE01DA00333B1E /* AQGridViewCell.m */ = {isa = PBXFileReference; fileEncoding = 4; lastKnownFileType = sourcecode.c.objc; path = AQGridViewCell.m; sourceTree = "<group>"; };
		FA488ADA14EE01DA00333B1E /* AQGridViewController.h */ = {isa = PBXFileReference; fileEncoding = 4; lastKnownFileType = sourcecode.c.h; path = AQGridViewController.h; sourceTree = "<group>"; };
		FA488ADB14EE01DA00333B1E /* AQGridViewController.m */ = {isa = PBXFileReference; fileEncoding = 4; lastKnownFileType = sourcecode.c.objc; path = AQGridViewController.m; sourceTree = "<group>"; };
		FA488ADC14EE01DA00333B1E /* AQGridViewData.h */ = {isa = PBXFileReference; fileEncoding = 4; lastKnownFileType = sourcecode.c.h; path = AQGridViewData.h; sourceTree = "<group>"; };
		FA488ADD14EE01DA00333B1E /* AQGridViewData.m */ = {isa = PBXFileReference; fileEncoding = 4; lastKnownFileType = sourcecode.c.objc; path = AQGridViewData.m; sourceTree = "<group>"; };
		FA488ADE14EE01DA00333B1E /* AQGridViewUpdateInfo.h */ = {isa = PBXFileReference; fileEncoding = 4; lastKnownFileType = sourcecode.c.h; path = AQGridViewUpdateInfo.h; sourceTree = "<group>"; };
		FA488ADF14EE01DA00333B1E /* AQGridViewUpdateInfo.m */ = {isa = PBXFileReference; fileEncoding = 4; lastKnownFileType = sourcecode.c.objc; path = AQGridViewUpdateInfo.m; sourceTree = "<group>"; };
		FA488AE014EE01DA00333B1E /* AQGridViewUpdateItem.h */ = {isa = PBXFileReference; fileEncoding = 4; lastKnownFileType = sourcecode.c.h; path = AQGridViewUpdateItem.h; sourceTree = "<group>"; };
		FA488AE114EE01DA00333B1E /* AQGridViewUpdateItem.m */ = {isa = PBXFileReference; fileEncoding = 4; lastKnownFileType = sourcecode.c.objc; path = AQGridViewUpdateItem.m; sourceTree = "<group>"; };
		FA488AE214EE01DA00333B1E /* NSIndexSet+AQIndexesOutsideSet.h */ = {isa = PBXFileReference; fileEncoding = 4; lastKnownFileType = sourcecode.c.h; path = "NSIndexSet+AQIndexesOutsideSet.h"; sourceTree = "<group>"; };
		FA488AE314EE01DA00333B1E /* NSIndexSet+AQIndexesOutsideSet.m */ = {isa = PBXFileReference; fileEncoding = 4; lastKnownFileType = sourcecode.c.objc; path = "NSIndexSet+AQIndexesOutsideSet.m"; sourceTree = "<group>"; };
		FA488AE414EE01DA00333B1E /* NSIndexSet+AQIsSetContiguous.h */ = {isa = PBXFileReference; fileEncoding = 4; lastKnownFileType = sourcecode.c.h; path = "NSIndexSet+AQIsSetContiguous.h"; sourceTree = "<group>"; };
		FA488AE514EE01DA00333B1E /* NSIndexSet+AQIsSetContiguous.m */ = {isa = PBXFileReference; fileEncoding = 4; lastKnownFileType = sourcecode.c.objc; path = "NSIndexSet+AQIsSetContiguous.m"; sourceTree = "<group>"; };
		FA488AE614EE01DA00333B1E /* UIColor+AQGridView.h */ = {isa = PBXFileReference; fileEncoding = 4; lastKnownFileType = sourcecode.c.h; path = "UIColor+AQGridView.h"; sourceTree = "<group>"; };
		FA488AE714EE01DA00333B1E /* UIColor+AQGridView.m */ = {isa = PBXFileReference; fileEncoding = 4; lastKnownFileType = sourcecode.c.objc; path = "UIColor+AQGridView.m"; sourceTree = "<group>"; };
		FA488AF214EE085800333B1E /* TopicsGridViewCell.h */ = {isa = PBXFileReference; fileEncoding = 4; lastKnownFileType = sourcecode.c.h; path = TopicsGridViewCell.h; sourceTree = "<group>"; };
		FA488AF314EE085800333B1E /* TopicsGridViewCell.m */ = {isa = PBXFileReference; fileEncoding = 4; lastKnownFileType = sourcecode.c.objc; path = TopicsGridViewCell.m; sourceTree = "<group>"; };
		FA70B54A14C4B5FE00DD3D3B /* RKMediumCellView.xib */ = {isa = PBXFileReference; fileEncoding = 4; lastKnownFileType = file.xib; path = RKMediumCellView.xib; sourceTree = "<group>"; };
		FA70B54D14C4BE9700DD3D3B /* RKMediumCellView.h */ = {isa = PBXFileReference; fileEncoding = 4; lastKnownFileType = sourcecode.c.h; path = RKMediumCellView.h; sourceTree = "<group>"; };
		FA70B54E14C4BE9700DD3D3B /* RKMediumCellView.m */ = {isa = PBXFileReference; fileEncoding = 4; lastKnownFileType = sourcecode.c.objc; path = RKMediumCellView.m; sourceTree = "<group>"; };
		FA70B55014C4C46D00DD3D3B /* RKLargeCellView.h */ = {isa = PBXFileReference; fileEncoding = 4; lastKnownFileType = sourcecode.c.h; path = RKLargeCellView.h; sourceTree = "<group>"; };
		FA70B55114C4C46D00DD3D3B /* RKLargeCellView.m */ = {isa = PBXFileReference; fileEncoding = 4; lastKnownFileType = sourcecode.c.objc; path = RKLargeCellView.m; sourceTree = "<group>"; };
		FA72ED7214C3DBB2001A7C25 /* 72Icon.png */ = {isa = PBXFileReference; lastKnownFileType = image.png; name = 72Icon.png; path = ../72Icon.png; sourceTree = "<group>"; };
		FA72ED7414C3DBBC001A7C25 /* 57Icon.png */ = {isa = PBXFileReference; lastKnownFileType = image.png; name = 57Icon.png; path = ../57Icon.png; sourceTree = "<group>"; };
		FA79E5CD14D4B07400282817 /* DataBank.h */ = {isa = PBXFileReference; fileEncoding = 4; lastKnownFileType = sourcecode.c.h; path = DataBank.h; sourceTree = "<group>"; };
		FA79E5CE14D4B07400282817 /* DataBank.m */ = {isa = PBXFileReference; fileEncoding = 4; lastKnownFileType = sourcecode.c.objc; path = DataBank.m; sourceTree = "<group>"; };
		FA80767E14CF452E0081A55A /* BTTabBarItem.h */ = {isa = PBXFileReference; fileEncoding = 4; lastKnownFileType = sourcecode.c.h; path = BTTabBarItem.h; sourceTree = "<group>"; };
		FA80767F14CF452E0081A55A /* BTTabBarItem.m */ = {isa = PBXFileReference; fileEncoding = 4; lastKnownFileType = sourcecode.c.objc; path = BTTabBarItem.m; sourceTree = "<group>"; };
		FA80768114CF49E10081A55A /* gamesSelected.png */ = {isa = PBXFileReference; lastKnownFileType = image.png; path = gamesSelected.png; sourceTree = "<group>"; };
		FA80768214CF49E10081A55A /* worldSelected.png */ = {isa = PBXFileReference; lastKnownFileType = image.png; path = worldSelected.png; sourceTree = "<group>"; };
		FA80768A14CF50FC0081A55A /* BTTabView.h */ = {isa = PBXFileReference; fileEncoding = 4; lastKnownFileType = sourcecode.c.h; path = BTTabView.h; sourceTree = "<group>"; };
		FA80768B14CF50FC0081A55A /* BTTabView.m */ = {isa = PBXFileReference; fileEncoding = 4; lastKnownFileType = sourcecode.c.objc; path = BTTabView.m; sourceTree = "<group>"; };
		FA80769614CF6F270081A55A /* FXLabel.h */ = {isa = PBXFileReference; fileEncoding = 4; lastKnownFileType = sourcecode.c.h; path = FXLabel.h; sourceTree = "<group>"; };
		FA80769714CF6F270081A55A /* FXLabel.m */ = {isa = PBXFileReference; fileEncoding = 4; lastKnownFileType = sourcecode.c.objc; path = FXLabel.m; sourceTree = "<group>"; };
		FA867AF414EB2CAB00DC3AC6 /* MediaPlayer.framework */ = {isa = PBXFileReference; lastKnownFileType = wrapper.framework; name = MediaPlayer.framework; path = System/Library/Frameworks/MediaPlayer.framework; sourceTree = SDKROOT; };
		FACB55DC14E970A300D3C45F /* RKCellViewController.h */ = {isa = PBXFileReference; fileEncoding = 4; lastKnownFileType = sourcecode.c.h; path = RKCellViewController.h; sourceTree = "<group>"; };
		FACB55DD14E970A300D3C45F /* RKCellViewController.m */ = {isa = PBXFileReference; fileEncoding = 4; lastKnownFileType = sourcecode.c.objc; path = RKCellViewController.m; sourceTree = "<group>"; };
		FACB55DE14E970A300D3C45F /* RKCellViewController.xib */ = {isa = PBXFileReference; fileEncoding = 4; lastKnownFileType = file.xib; path = RKCellViewController.xib; sourceTree = "<group>"; };
		FACB55E314E9725100D3C45F /* ExploreCellBackround.png */ = {isa = PBXFileReference; lastKnownFileType = image.png; path = ExploreCellBackround.png; sourceTree = "<group>"; };
		FACB55E514E97B2E00D3C45F /* BTVideo.h */ = {isa = PBXFileReference; fileEncoding = 4; lastKnownFileType = sourcecode.c.h; path = BTVideo.h; sourceTree = "<group>"; };
		FACB55E614E97B2E00D3C45F /* BTVideo.m */ = {isa = PBXFileReference; fileEncoding = 4; lastKnownFileType = sourcecode.c.objc; path = BTVideo.m; sourceTree = "<group>"; };
		FACB55E814E97B3E00D3C45F /* BTSpeaker.h */ = {isa = PBXFileReference; fileEncoding = 4; lastKnownFileType = sourcecode.c.h; path = BTSpeaker.h; sourceTree = "<group>"; };
		FACB55E914E97B3E00D3C45F /* BTSpeaker.m */ = {isa = PBXFileReference; fileEncoding = 4; lastKnownFileType = sourcecode.c.objc; path = BTSpeaker.m; sourceTree = "<group>"; };
		FACB55EB14E98A0600D3C45F /* playButton.png */ = {isa = PBXFileReference; lastKnownFileType = image.png; path = playButton.png; sourceTree = "<group>"; };
		FACB55EC14E98A0700D3C45F /* playButtonSelected.png */ = {isa = PBXFileReference; lastKnownFileType = image.png; path = playButtonSelected.png; sourceTree = "<group>"; };
		FACB55EF14E98BE600D3C45F /* buttonCase.png */ = {isa = PBXFileReference; lastKnownFileType = image.png; path = buttonCase.png; sourceTree = "<group>"; };
		FACB55F114E98DEF00D3C45F /* saveButtonImage.png */ = {isa = PBXFileReference; lastKnownFileType = image.png; path = saveButtonImage.png; sourceTree = "<group>"; };
		FACB55F314E98EE000D3C45F /* greyButtonBackroundImage.png */ = {isa = PBXFileReference; lastKnownFileType = image.png; path = greyButtonBackroundImage.png; sourceTree = "<group>"; };
		FACB55F714E98FEF00D3C45F /* greyButtonBackroundImageSelected.png */ = {isa = PBXFileReference; lastKnownFileType = image.png; path = greyButtonBackroundImageSelected.png; sourceTree = "<group>"; };
		FACB55FA14E991BC00D3C45F /* likeButtonImageSelected.png */ = {isa = PBXFileReference; lastKnownFileType = image.png; path = likeButtonImageSelected.png; sourceTree = "<group>"; };
		FACB55FB14E991BC00D3C45F /* likeButtonImage.png */ = {isa = PBXFileReference; lastKnownFileType = image.png; path = likeButtonImage.png; sourceTree = "<group>"; };
		FACB55FC14E991BC00D3C45F /* shareButtonImageSelected.png */ = {isa = PBXFileReference; lastKnownFileType = image.png; path = shareButtonImageSelected.png; sourceTree = "<group>"; };
		FACB55FD14E991BC00D3C45F /* shareButtonImage.png */ = {isa = PBXFileReference; lastKnownFileType = image.png; path = shareButtonImage.png; sourceTree = "<group>"; };
		FACB55FE14E991BC00D3C45F /* saveButtonImageSelected.png */ = {isa = PBXFileReference; lastKnownFileType = image.png; path = saveButtonImageSelected.png; sourceTree = "<group>"; };
		FAD5038414D7149800E8F891 /* 46-movie-2.png */ = {isa = PBXFileReference; lastKnownFileType = image.png; path = "46-movie-2.png"; sourceTree = "<group>"; };
		FAD5038714D714B800E8F891 /* 34-coffee.png */ = {isa = PBXFileReference; lastKnownFileType = image.png; path = "34-coffee.png"; sourceTree = "<group>"; };
		FAD5038914D714D100E8F891 /* 06-magnify.png */ = {isa = PBXFileReference; lastKnownFileType = image.png; path = "06-magnify.png"; sourceTree = "<group>"; };
		FAD5038B14D714EC00E8F891 /* magnifyingglass.png */ = {isa = PBXFileReference; lastKnownFileType = image.png; path = magnifyingglass.png; sourceTree = "<group>"; };
		FAD5038D14D714F500E8F891 /* fire.png */ = {isa = PBXFileReference; lastKnownFileType = image.png; path = fire.png; sourceTree = "<group>"; };
		FAD5039214D7157400E8F891 /* FeaturedViewController.h */ = {isa = PBXFileReference; fileEncoding = 4; lastKnownFileType = sourcecode.c.h; path = FeaturedViewController.h; sourceTree = "<group>"; };
		FAD5039314D7157400E8F891 /* FeaturedViewController.m */ = {isa = PBXFileReference; fileEncoding = 4; lastKnownFileType = sourcecode.c.objc; path = FeaturedViewController.m; sourceTree = "<group>"; };
		FAD5039414D7157400E8F891 /* FeaturedViewController.xib */ = {isa = PBXFileReference; fileEncoding = 4; lastKnownFileType = file.xib; path = FeaturedViewController.xib; sourceTree = "<group>"; };
		FAD5039714D7159B00E8F891 /* CatagoriesViewController.h */ = {isa = PBXFileReference; fileEncoding = 4; lastKnownFileType = sourcecode.c.h; path = CatagoriesViewController.h; sourceTree = "<group>"; };
		FAD5039814D7159B00E8F891 /* CatagoriesViewController.m */ = {isa = PBXFileReference; fileEncoding = 4; lastKnownFileType = sourcecode.c.objc; path = CatagoriesViewController.m; sourceTree = "<group>"; };
		FAD5039914D7159B00E8F891 /* CatagoriesViewController.xib */ = {isa = PBXFileReference; fileEncoding = 4; lastKnownFileType = file.xib; path = CatagoriesViewController.xib; sourceTree = "<group>"; };
		FAD503A514D7378E00E8F891 /* magnifyingglassSelected.png */ = {isa = PBXFileReference; lastKnownFileType = image.png; path = magnifyingglassSelected.png; sourceTree = "<group>"; };
		FAD503A614D7378E00E8F891 /* fireSelected.png */ = {isa = PBXFileReference; lastKnownFileType = image.png; path = fireSelected.png; sourceTree = "<group>"; };
		FAD503A714D7378E00E8F891 /* 46-movie-2Selected.png */ = {isa = PBXFileReference; lastKnownFileType = image.png; path = "46-movie-2Selected.png"; sourceTree = "<group>"; };
		FAD9270414EC6B3C00237861 /* SpeakerModalViewController.h */ = {isa = PBXFileReference; fileEncoding = 4; lastKnownFileType = sourcecode.c.h; path = SpeakerModalViewController.h; sourceTree = "<group>"; };
		FAD9270514EC6B3C00237861 /* SpeakerModalViewController.m */ = {isa = PBXFileReference; fileEncoding = 4; lastKnownFileType = sourcecode.c.objc; path = SpeakerModalViewController.m; sourceTree = "<group>"; };
		FAD9270614EC6B3C00237861 /* SpeakerModalViewController.xib */ = {isa = PBXFileReference; fileEncoding = 4; lastKnownFileType = file.xib; path = SpeakerModalViewController.xib; sourceTree = "<group>"; };
		FAFBEAFF14C37BD100235178 /* Big Think.app */ = {isa = PBXFileReference; explicitFileType = wrapper.application; includeInIndex = 0; path = "Big Think.app"; sourceTree = BUILT_PRODUCTS_DIR; };
		FAFBEB0314C37BD100235178 /* UIKit.framework */ = {isa = PBXFileReference; lastKnownFileType = wrapper.framework; name = UIKit.framework; path = System/Library/Frameworks/UIKit.framework; sourceTree = SDKROOT; };
		FAFBEB0514C37BD100235178 /* Foundation.framework */ = {isa = PBXFileReference; lastKnownFileType = wrapper.framework; name = Foundation.framework; path = System/Library/Frameworks/Foundation.framework; sourceTree = SDKROOT; };
		FAFBEB0714C37BD100235178 /* CoreGraphics.framework */ = {isa = PBXFileReference; lastKnownFileType = wrapper.framework; name = CoreGraphics.framework; path = System/Library/Frameworks/CoreGraphics.framework; sourceTree = SDKROOT; };
		FAFBEB0B14C37BD100235178 /* Big Think-Info.plist */ = {isa = PBXFileReference; lastKnownFileType = text.plist.xml; path = "Big Think-Info.plist"; sourceTree = "<group>"; };
		FAFBEB0D14C37BD100235178 /* en */ = {isa = PBXFileReference; lastKnownFileType = text.plist.strings; name = en; path = en.lproj/InfoPlist.strings; sourceTree = "<group>"; };
		FAFBEB0F14C37BD100235178 /* main.m */ = {isa = PBXFileReference; lastKnownFileType = sourcecode.c.objc; path = main.m; sourceTree = "<group>"; };
		FAFBEB1114C37BD100235178 /* Big Think-Prefix.pch */ = {isa = PBXFileReference; lastKnownFileType = sourcecode.c.h; path = "Big Think-Prefix.pch"; sourceTree = "<group>"; };
		FAFBEB1214C37BD100235178 /* AppDelegate.h */ = {isa = PBXFileReference; lastKnownFileType = sourcecode.c.h; path = AppDelegate.h; sourceTree = "<group>"; };
		FAFBEB1314C37BD100235178 /* AppDelegate.m */ = {isa = PBXFileReference; lastKnownFileType = sourcecode.c.objc; path = AppDelegate.m; sourceTree = "<group>"; };
		FAFBEB1514C37BD100235178 /* ExploreViewController.h */ = {isa = PBXFileReference; lastKnownFileType = sourcecode.c.h; path = ExploreViewController.h; sourceTree = "<group>"; };
		FAFBEB1614C37BD100235178 /* ExploreViewController.m */ = {isa = PBXFileReference; lastKnownFileType = sourcecode.c.objc; path = ExploreViewController.m; sourceTree = "<group>"; };
		FAFBEB1914C37BD100235178 /* en */ = {isa = PBXFileReference; lastKnownFileType = file.xib; name = en; path = en.lproj/ExploreViewController_iPhone.xib; sourceTree = "<group>"; };
		FAFBEB1C14C37BD100235178 /* en */ = {isa = PBXFileReference; lastKnownFileType = file.xib; name = en; path = en.lproj/ExploreViewController_iPad.xib; sourceTree = "<group>"; };
		FAFBEB2314C37C6B00235178 /* three.png */ = {isa = PBXFileReference; lastKnownFileType = image.png; path = three.png; sourceTree = "<group>"; };
		FAFBEB2414C37C6B00235178 /* two.png */ = {isa = PBXFileReference; lastKnownFileType = image.png; path = two.png; sourceTree = "<group>"; };
		FAFBEB2514C37C6B00235178 /* one.png */ = {isa = PBXFileReference; lastKnownFileType = image.png; path = one.png; sourceTree = "<group>"; };
		FAFBEB2614C37C6B00235178 /* ChaparralPro-Regular.otf */ = {isa = PBXFileReference; lastKnownFileType = file; path = "ChaparralPro-Regular.otf"; sourceTree = "<group>"; };
		FAFBEB2714C37C6B00235178 /* bt.png */ = {isa = PBXFileReference; lastKnownFileType = image.png; path = bt.png; sourceTree = "<group>"; };
		FAFBEB3014C37CA900235178 /* RKMatrixView.h */ = {isa = PBXFileReference; fileEncoding = 4; lastKnownFileType = sourcecode.c.h; path = RKMatrixView.h; sourceTree = "<group>"; };
		FAFBEB3114C37CA900235178 /* RKMatrixView.m */ = {isa = PBXFileReference; fileEncoding = 4; lastKnownFileType = sourcecode.c.objc; path = RKMatrixView.m; sourceTree = "<group>"; };
		FAFBEB3214C37CA900235178 /* RKMatrixViewCell.h */ = {isa = PBXFileReference; fileEncoding = 4; lastKnownFileType = sourcecode.c.h; path = RKMatrixViewCell.h; sourceTree = "<group>"; };
		FAFBEB3314C37CA900235178 /* RKMatrixViewCell.m */ = {isa = PBXFileReference; fileEncoding = 4; lastKnownFileType = sourcecode.c.objc; path = RKMatrixViewCell.m; sourceTree = "<group>"; };
		FAFBEB3714C37CC600235178 /* UIColor+RKColor.h */ = {isa = PBXFileReference; fileEncoding = 4; lastKnownFileType = sourcecode.c.h; path = "UIColor+RKColor.h"; sourceTree = "<group>"; };
		FAFBEB3814C37CC600235178 /* UIColor+RKColor.m */ = {isa = PBXFileReference; fileEncoding = 4; lastKnownFileType = sourcecode.c.objc; path = "UIColor+RKColor.m"; sourceTree = "<group>"; };
		FAFBEB4C14C3B5A300235178 /* RKLargeCellView.xib */ = {isa = PBXFileReference; fileEncoding = 4; lastKnownFileType = file.xib; path = RKLargeCellView.xib; sourceTree = "<group>"; };
/* End PBXFileReference section */

/* Begin PBXFrameworksBuildPhase section */
		FAFBEAFC14C37BD100235178 /* Frameworks */ = {
			isa = PBXFrameworksBuildPhase;
			buildActionMask = 2147483647;
			files = (
				FA867AF514EB2CAC00DC3AC6 /* MediaPlayer.framework in Frameworks */,
				FA15393114CE07BE0083A68B /* QuartzCore.framework in Frameworks */,
				FAFBEB0414C37BD100235178 /* UIKit.framework in Frameworks */,
				FAFBEB0614C37BD100235178 /* Foundation.framework in Frameworks */,
				FAFBEB0814C37BD100235178 /* CoreGraphics.framework in Frameworks */,
			);
			runOnlyForDeploymentPostprocessing = 0;
		};
/* End PBXFrameworksBuildPhase section */

/* Begin PBXGroup section */
		FA038E8E14C4EF4900FB1142 /* Large */ = {
			isa = PBXGroup;
			children = (
				FA70B55014C4C46D00DD3D3B /* RKLargeCellView.h */,
				FA70B55114C4C46D00DD3D3B /* RKLargeCellView.m */,
				FAFBEB4C14C3B5A300235178 /* RKLargeCellView.xib */,
				FA038E8B14C4EF3F00FB1142 /* RKLargeCellViewiPhone.xib */,
				FA288DF314C8C69800F470BE /* View.xib */,
			);
			name = Large;
			sourceTree = "<group>";
		};
		FA038EA314C6407C00FB1142 /* Medium */ = {
			isa = PBXGroup;
			children = (
				FA70B54A14C4B5FE00DD3D3B /* RKMediumCellView.xib */,
				FA70B54D14C4BE9700DD3D3B /* RKMediumCellView.h */,
				FA70B54E14C4BE9700DD3D3B /* RKMediumCellView.m */,
			);
			name = Medium;
			sourceTree = "<group>";
		};
		FA1538B514CDFB100083A68B /* ExploreViewController */ = {
			isa = PBXGroup;
			children = (
				FA80768914CF50080081A55A /* JMtabViewCustomization */,
				FAFBEB2F14C37C9800235178 /* RKMatrix */,
				FAFBEB1514C37BD100235178 /* ExploreViewController.h */,
				FAFBEB1614C37BD100235178 /* ExploreViewController.m */,
				FAFBEB1B14C37BD100235178 /* ExploreViewController_iPad.xib */,
				FAFBEB1814C37BD100235178 /* ExploreViewController_iPhone.xib */,
			);
			name = ExploreViewController;
			sourceTree = "<group>";
		};
		FA1538FB14CDFC9D0083A68B /* SpeakersViewController */ = {
			isa = PBXGroup;
			children = (
				FAD9270214EC6ADF00237861 /* Modal Speaker View */,
				FA3FA24D14EC2C1600EA7C90 /* TableView Cells */,
				FA1538FC14CDFCC60083A68B /* SpeakerViewController.h */,
				FA1538FD14CDFCC60083A68B /* SpeakerViewController.m */,
				FA1538FE14CDFCC60083A68B /* SpeakerViewController_iPad.xib */,
				FA15390114CDFCF30083A68B /* SpeakerViewController_iPhone.xib */,
			);
			name = SpeakersViewController;
			sourceTree = "<group>";
		};
		FA15390714CE018C0083A68B /* TabBarIcons */ = {
			isa = PBXGroup;
			children = (
			);
			name = TabBarIcons;
			sourceTree = "<group>";
		};
		FA15391014CE076C0083A68B /* JMTabView */ = {
			isa = PBXGroup;
			children = (
				FA15391114CE07940083A68B /* Categories */,
				FA15391A14CE07950083A68B /* Subviews */,
			);
			name = JMTabView;
			sourceTree = "<group>";
		};
		FA15391114CE07940083A68B /* Categories */ = {
			isa = PBXGroup;
			children = (
				FA26EF2014D5F63E009C7E26 /* UIView+JMNoise.h */,
				FA26EF2114D5F63E009C7E26 /* UIView+JMNoise.m */,
				FA15391414CE07940083A68B /* UIView+InnerShadow.h */,
				FA15391514CE07940083A68B /* UIView+InnerShadow.m */,
				FA15391614CE07940083A68B /* UIView+Positioning.h */,
				FA15391714CE07950083A68B /* UIView+Positioning.m */,
				FA15391814CE07950083A68B /* UIView+Size.h */,
				FA15391914CE07950083A68B /* UIView+Size.m */,
			);
			path = Categories;
			sourceTree = "<group>";
		};
		FA15391A14CE07950083A68B /* Subviews */ = {
			isa = PBXGroup;
			children = (
				FA15391B14CE07950083A68B /* JMSelectionView.h */,
				FA15391C14CE07950083A68B /* JMSelectionView.m */,
				FA15391D14CE07950083A68B /* JMTabConstants.h */,
				FA15391E14CE07950083A68B /* JMTabContainer.h */,
				FA15391F14CE07950083A68B /* JMTabContainer.m */,
				FA15392014CE07950083A68B /* JMTabItem.h */,
				FA15392114CE07950083A68B /* JMTabItem.m */,
				FA15392214CE07950083A68B /* JMTabView.h */,
				FA15392314CE07950083A68B /* JMTabView.m */,
				FA15392414CE07950083A68B /* Layers */,
			);
			path = Subviews;
			sourceTree = "<group>";
		};
		FA15392414CE07950083A68B /* Layers */ = {
			isa = PBXGroup;
			children = (
				FA15392514CE07950083A68B /* BarBackgroundLayer.h */,
				FA15392614CE07950083A68B /* BarBackgroundLayer.m */,
			);
			path = Layers;
			sourceTree = "<group>";
		};
		FA288DFE14C8F1E300F470BE /* Images */ = {
			isa = PBXGroup;
			children = (
				FA288DF614C8EB2300F470BE /* landscapeBackround.png */,
				FA288DFC14C8EDE300F470BE /* portraitBackround.png */,
				FA1538B014CDF7540083A68B /* landscapeBackround-iPhone.png */,
				FA1538B114CDF7540083A68B /* portraitBackround-iPhone.png */,
			);
			name = Images;
			sourceTree = "<group>";
		};
		FA3FA24D14EC2C1600EA7C90 /* TableView Cells */ = {
			isa = PBXGroup;
			children = (
				FA3FA25F14EC446500EA7C90 /* Underlined Button */,
				FA3FA25414EC30C200EA7C90 /* BackroundView */,
				FA3FA24F14EC2C4E00EA7C90 /* SpeakerTableViewCell.h */,
				FA3FA25014EC2C4E00EA7C90 /* SpeakerTableViewCell.m */,
				FA3FA25214EC2C6800EA7C90 /* SpeakerTableViewCell.xib */,
			);
			name = "TableView Cells";
			sourceTree = "<group>";
		};
		FA3FA25414EC30C200EA7C90 /* BackroundView */ = {
			isa = PBXGroup;
			children = (
				FA3FA25814EC34F500EA7C90 /* speakerImageBackround.png */,
				FA3FA25914EC34F500EA7C90 /* speakerBackround.png */,
				FA3FA25514EC30E700EA7C90 /* SpeakerBackroundView.h */,
				FA3FA25614EC30E700EA7C90 /* SpeakerBackroundView.m */,
			);
			name = BackroundView;
			sourceTree = "<group>";
		};
		FA3FA25F14EC446500EA7C90 /* Underlined Button */ = {
			isa = PBXGroup;
			children = (
				FA3FA25C14EC440300EA7C90 /* UIUnderlinedButton.h */,
				FA3FA25D14EC440300EA7C90 /* UIUnderlinedButton.m */,
			);
			name = "Underlined Button";
			sourceTree = "<group>";
		};
		FA488AB014EDCE4100333B1E /* TableViewCell */ = {
			isa = PBXGroup;
			children = (
				FA488AB614EDD13D00333B1E /* TopicTableViewCell.h */,
				FA488AB714EDD13D00333B1E /* TopicTableViewCell.m */,
				FA488AB914EDD15700333B1E /* TopicTableViewCell.xib */,
			);
			name = TableViewCell;
			sourceTree = "<group>";
		};
		FA488AC414EDFE6A00333B1E /* GridViewCell */ = {
			isa = PBXGroup;
			children = (
				FA488AF214EE085800333B1E /* TopicsGridViewCell.h */,
				FA488AF314EE085800333B1E /* TopicsGridViewCell.m */,
			);
			name = GridViewCell;
			sourceTree = "<group>";
		};
		FA488AD014EE01DA00333B1E /* AQGridView */ = {
			isa = PBXGroup;
			children = (
				FA488AD114EE01DA00333B1E /* AQGridView+CellLayout.h */,
				FA488AD214EE01DA00333B1E /* AQGridView+CellLocationDelegation.h */,
				FA488AD314EE01DA00333B1E /* AQGridView.h */,
				FA488AD414EE01DA00333B1E /* AQGridView.m */,
				FA488AD514EE01DA00333B1E /* AQGridViewAnimatorItem.h */,
				FA488AD614EE01DA00333B1E /* AQGridViewAnimatorItem.m */,
				FA488AD714EE01DA00333B1E /* AQGridViewCell+AQGridViewCellPrivate.h */,
				FA488AD814EE01DA00333B1E /* AQGridViewCell.h */,
				FA488AD914EE01DA00333B1E /* AQGridViewCell.m */,
				FA488ADA14EE01DA00333B1E /* AQGridViewController.h */,
				FA488ADB14EE01DA00333B1E /* AQGridViewController.m */,
				FA488ADC14EE01DA00333B1E /* AQGridViewData.h */,
				FA488ADD14EE01DA00333B1E /* AQGridViewData.m */,
				FA488ADE14EE01DA00333B1E /* AQGridViewUpdateInfo.h */,
				FA488ADF14EE01DA00333B1E /* AQGridViewUpdateInfo.m */,
				FA488AE014EE01DA00333B1E /* AQGridViewUpdateItem.h */,
				FA488AE114EE01DA00333B1E /* AQGridViewUpdateItem.m */,
				FA488AE214EE01DA00333B1E /* NSIndexSet+AQIndexesOutsideSet.h */,
				FA488AE314EE01DA00333B1E /* NSIndexSet+AQIndexesOutsideSet.m */,
				FA488AE414EE01DA00333B1E /* NSIndexSet+AQIsSetContiguous.h */,
				FA488AE514EE01DA00333B1E /* NSIndexSet+AQIsSetContiguous.m */,
				FA488AE614EE01DA00333B1E /* UIColor+AQGridView.h */,
				FA488AE714EE01DA00333B1E /* UIColor+AQGridView.m */,
			);
			name = AQGridView;
			path = Classes;
			sourceTree = "<group>";
		};
		FA79E5CC14D4B03900282817 /* Data - For Testing */ = {
			isa = PBXGroup;
			children = (
				FA3FA26014EC472700EA7C90 /* shot.jpg */,
				FA79E5CD14D4B07400282817 /* DataBank.h */,
				FA79E5CE14D4B07400282817 /* DataBank.m */,
				FACB55E514E97B2E00D3C45F /* BTVideo.h */,
				FACB55E614E97B2E00D3C45F /* BTVideo.m */,
				FACB55E814E97B3E00D3C45F /* BTSpeaker.h */,
				FACB55E914E97B3E00D3C45F /* BTSpeaker.m */,
			);
			name = "Data - For Testing";
			sourceTree = "<group>";
		};
		FA80767D14CF44E90081A55A /* JMTabView Customization */ = {
			isa = PBXGroup;
			children = (
				FA80768714CF4ED50081A55A /* Bar Items */,
				FA80768614CF4ECA0081A55A /* Bar */,
			);
			name = "JMTabView Customization";
			path = "Big Think";
			sourceTree = "<group>";
		};
		FA80768514CF4D590081A55A /* BTTabBarController */ = {
			isa = PBXGroup;
			children = (
				FA80767D14CF44E90081A55A /* JMTabView Customization */,
				FA15393214CE0A090083A68B /* BTTabBarController.h */,
				FA15393314CE0A090083A68B /* BTTabBarController.m */,
			);
			name = BTTabBarController;
			path = ..;
			sourceTree = "<group>";
		};
		FA80768614CF4ECA0081A55A /* Bar */ = {
			isa = PBXGroup;
			children = (
				FA15393714CE12F90083A68B /* BTTabBarBackroundLayer.h */,
				FA15393814CE12F90083A68B /* BTTabBarBackroundLayer.m */,
			);
			name = Bar;
			sourceTree = "<group>";
		};
		FA80768714CF4ED50081A55A /* Bar Items */ = {
			isa = PBXGroup;
			children = (
				FA80768814CF4EF40081A55A /* Images */,
				FA15393C14CE12F90083A68B /* CustomSelectionView.m */,
				FA15393B14CE12F90083A68B /* CustomSelectionView.h */,
				FA80767E14CF452E0081A55A /* BTTabBarItem.h */,
				FA80767F14CF452E0081A55A /* BTTabBarItem.m */,
			);
			name = "Bar Items";
			sourceTree = "<group>";
		};
		FA80768814CF4EF40081A55A /* Images */ = {
			isa = PBXGroup;
			children = (
				FA15390514CE01890083A68B /* games@2x.png */,
				FA80768114CF49E10081A55A /* gamesSelected.png */,
				FA80768214CF49E10081A55A /* worldSelected.png */,
				FA15390814CE02150083A68B /* games.png */,
				FA15390914CE02150083A68B /* world.png */,
				FA15390314CDFFF60083A68B /* world@2x.png */,
			);
			name = Images;
			sourceTree = "<group>";
		};
		FA80768914CF50080081A55A /* JMtabViewCustomization */ = {
			isa = PBXGroup;
			children = (
				FA15394914CE2A710083A68B /* TabBarHeader.png */,
				FA80768A14CF50FC0081A55A /* BTTabView.h */,
				FA80768B14CF50FC0081A55A /* BTTabView.m */,
			);
			name = JMtabViewCustomization;
			sourceTree = "<group>";
		};
		FA80768D14CF6D1E0081A55A /* Open Source Projects */ = {
			isa = PBXGroup;
			children = (
				FA488AD014EE01DA00333B1E /* AQGridView */,
				FA80769514CF6EAB0081A55A /* FXLabel */,
				FA15391014CE076C0083A68B /* JMTabView */,
			);
			name = "Open Source Projects";
			sourceTree = "<group>";
		};
		FA80769514CF6EAB0081A55A /* FXLabel */ = {
			isa = PBXGroup;
			children = (
				FA80769614CF6F270081A55A /* FXLabel.h */,
				FA80769714CF6F270081A55A /* FXLabel.m */,
			);
			name = FXLabel;
			sourceTree = "<group>";
		};
		FACB55DA14E9708300D3C45F /* RKCellViewController */ = {
			isa = PBXGroup;
			children = (
				FACB55F914E9903C00D3C45F /* assets */,
				FACB55DC14E970A300D3C45F /* RKCellViewController.h */,
				FACB55DD14E970A300D3C45F /* RKCellViewController.m */,
				FACB55DE14E970A300D3C45F /* RKCellViewController.xib */,
			);
			name = RKCellViewController;
			sourceTree = "<group>";
		};
		FACB55F914E9903C00D3C45F /* assets */ = {
			isa = PBXGroup;
			children = (
				FACB55FA14E991BC00D3C45F /* likeButtonImageSelected.png */,
				FACB55FB14E991BC00D3C45F /* likeButtonImage.png */,
				FACB55FC14E991BC00D3C45F /* shareButtonImageSelected.png */,
				FACB55FD14E991BC00D3C45F /* shareButtonImage.png */,
				FACB55FE14E991BC00D3C45F /* saveButtonImageSelected.png */,
				FACB55F314E98EE000D3C45F /* greyButtonBackroundImage.png */,
				FACB55F714E98FEF00D3C45F /* greyButtonBackroundImageSelected.png */,
				FACB55F114E98DEF00D3C45F /* saveButtonImage.png */,
				FACB55EF14E98BE600D3C45F /* buttonCase.png */,
				FACB55EB14E98A0600D3C45F /* playButton.png */,
				FACB55EC14E98A0700D3C45F /* playButtonSelected.png */,
				FACB55E314E9725100D3C45F /* ExploreCellBackround.png */,
			);
			name = assets;
			sourceTree = "<group>";
		};
		FAD5038F14D7152600E8F891 /* FeaturedViewController */ = {
			isa = PBXGroup;
			children = (
				FAD5039214D7157400E8F891 /* FeaturedViewController.h */,
				FAD5039314D7157400E8F891 /* FeaturedViewController.m */,
				FAD5039414D7157400E8F891 /* FeaturedViewController.xib */,
			);
			name = FeaturedViewController;
			sourceTree = "<group>";
		};
		FAD5039014D7154100E8F891 /* CategoriesViewController */ = {
			isa = PBXGroup;
			children = (
				FA488AC414EDFE6A00333B1E /* GridViewCell */,
				FA488AB014EDCE4100333B1E /* TableViewCell */,
				FA488AAB14EDC91400333B1E /* topicsCellBackroundSelected.png */,
				FA488ABF14EDDDD200333B1E /* piggy.png */,
				FA488AAC14EDC91400333B1E /* topicsCellBackround.png */,
				FAD5039714D7159B00E8F891 /* CatagoriesViewController.h */,
				FAD5039814D7159B00E8F891 /* CatagoriesViewController.m */,
				FAD5039914D7159B00E8F891 /* CatagoriesViewController.xib */,
			);
			name = CategoriesViewController;
			sourceTree = "<group>";
		};
		FAD9270214EC6ADF00237861 /* Modal Speaker View */ = {
			isa = PBXGroup;
			children = (
				FAD9270414EC6B3C00237861 /* SpeakerModalViewController.h */,
				FAD9270514EC6B3C00237861 /* SpeakerModalViewController.m */,
				FAD9270614EC6B3C00237861 /* SpeakerModalViewController.xib */,
			);
			name = "Modal Speaker View";
			sourceTree = "<group>";
		};
		FAFBEAF414C37BD100235178 = {
			isa = PBXGroup;
			children = (
				FAFBEB0914C37BD100235178 /* Big Think */,
				FAFBEB0214C37BD100235178 /* Frameworks */,
				FAFBEB0014C37BD100235178 /* Products */,
			);
			sourceTree = "<group>";
		};
		FAFBEB0014C37BD100235178 /* Products */ = {
			isa = PBXGroup;
			children = (
				FAFBEAFF14C37BD100235178 /* Big Think.app */,
			);
			name = Products;
			sourceTree = "<group>";
		};
		FAFBEB0214C37BD100235178 /* Frameworks */ = {
			isa = PBXGroup;
			children = (
				FA867AF414EB2CAB00DC3AC6 /* MediaPlayer.framework */,
				FA15393014CE07BE0083A68B /* QuartzCore.framework */,
				FAFBEB0314C37BD100235178 /* UIKit.framework */,
				FAFBEB0514C37BD100235178 /* Foundation.framework */,
				FAFBEB0714C37BD100235178 /* CoreGraphics.framework */,
			);
			name = Frameworks;
			sourceTree = "<group>";
		};
		FAFBEB0914C37BD100235178 /* Big Think */ = {
			isa = PBXGroup;
			children = (
				FA79E5CC14D4B03900282817 /* Data - For Testing */,
				FA80768514CF4D590081A55A /* BTTabBarController */,
				FAD5039014D7154100E8F891 /* CategoriesViewController */,
				FAD5038F14D7152600E8F891 /* FeaturedViewController */,
				FA1538FB14CDFC9D0083A68B /* SpeakersViewController */,
				FA1538B514CDFB100083A68B /* ExploreViewController */,
				FAFBEB1214C37BD100235178 /* AppDelegate.h */,
				FAFBEB1314C37BD100235178 /* AppDelegate.m */,
				FAFBEB0A14C37BD100235178 /* Supporting Files */,
			);
			path = "Big Think";
			sourceTree = "<group>";
		};
		FAFBEB0A14C37BD100235178 /* Supporting Files */ = {
			isa = PBXGroup;
			children = (
				FAD5038714D714B800E8F891 /* 34-coffee.png */,
				FAD5038D14D714F500E8F891 /* fire.png */,
				FAD5038B14D714EC00E8F891 /* magnifyingglass.png */,
				FAD5038914D714D100E8F891 /* 06-magnify.png */,
				FAD5038414D7149800E8F891 /* 46-movie-2.png */,
				FAD503A514D7378E00E8F891 /* magnifyingglassSelected.png */,
				FAD503A614D7378E00E8F891 /* fireSelected.png */,
				FAD503A714D7378E00E8F891 /* 46-movie-2Selected.png */,
				FA80768D14CF6D1E0081A55A /* Open Source Projects */,
				FA15394314CE1F670083A68B /* noise-tile.png */,
				FA15394414CE1F670083A68B /* noise-tile@2x.png */,
				FA15390714CE018C0083A68B /* TabBarIcons */,
				FA72ED7214C3DBB2001A7C25 /* 72Icon.png */,
				FA72ED7414C3DBBC001A7C25 /* 57Icon.png */,
				FAFBEB3614C37CB400235178 /* Categories */,
				FAFBEB2314C37C6B00235178 /* three.png */,
				FAFBEB2414C37C6B00235178 /* two.png */,
				FAFBEB2514C37C6B00235178 /* one.png */,
				FAFBEB2614C37C6B00235178 /* ChaparralPro-Regular.otf */,
				FAFBEB2714C37C6B00235178 /* bt.png */,
				FAFBEB0B14C37BD100235178 /* Big Think-Info.plist */,
				FAFBEB0C14C37BD100235178 /* InfoPlist.strings */,
				FAFBEB0F14C37BD100235178 /* main.m */,
				FAFBEB1114C37BD100235178 /* Big Think-Prefix.pch */,
			);
			name = "Supporting Files";
			sourceTree = "<group>";
		};
		FAFBEB2F14C37C9800235178 /* RKMatrix */ = {
			isa = PBXGroup;
			children = (
				FACB55DA14E9708300D3C45F /* RKCellViewController */,
				FAFBEB3E14C3872700235178 /* Cell Views */,
				FA288DFE14C8F1E300F470BE /* Images */,
				FAFBEB3014C37CA900235178 /* RKMatrixView.h */,
				FAFBEB3114C37CA900235178 /* RKMatrixView.m */,
				FAFBEB3214C37CA900235178 /* RKMatrixViewCell.h */,
				FAFBEB3314C37CA900235178 /* RKMatrixViewCell.m */,
			);
			name = RKMatrix;
			sourceTree = "<group>";
		};
		FAFBEB3614C37CB400235178 /* Categories */ = {
			isa = PBXGroup;
			children = (
				FAFBEB3714C37CC600235178 /* UIColor+RKColor.h */,
				FAFBEB3814C37CC600235178 /* UIColor+RKColor.m */,
				FA34227D14D0A4D500D82961 /* UIImage+RKImage.h */,
				FA34227E14D0A4D500D82961 /* UIImage+RKImage.m */,
			);
			name = Categories;
			sourceTree = "<group>";
		};
		FAFBEB3E14C3872700235178 /* Cell Views */ = {
			isa = PBXGroup;
			children = (
				FA038E8E14C4EF4900FB1142 /* Large */,
				FA038EA314C6407C00FB1142 /* Medium */,
			);
			name = "Cell Views";
			sourceTree = "<group>";
		};
/* End PBXGroup section */

/* Begin PBXNativeTarget section */
		FAFBEAFE14C37BD100235178 /* Big Think */ = {
			isa = PBXNativeTarget;
			buildConfigurationList = FAFBEB2014C37BD100235178 /* Build configuration list for PBXNativeTarget "Big Think" */;
			buildPhases = (
				FAFBEAFB14C37BD100235178 /* Sources */,
				FAFBEAFC14C37BD100235178 /* Frameworks */,
				FAFBEAFD14C37BD100235178 /* Resources */,
			);
			buildRules = (
			);
			dependencies = (
			);
			name = "Big Think";
			productName = "Big Think";
			productReference = FAFBEAFF14C37BD100235178 /* Big Think.app */;
			productType = "com.apple.product-type.application";
		};
/* End PBXNativeTarget section */

/* Begin PBXProject section */
		FAFBEAF614C37BD100235178 /* Project object */ = {
			isa = PBXProject;
			attributes = {
				LastUpgradeCheck = 0420;
				ORGANIZATIONNAME = Home;
			};
			buildConfigurationList = FAFBEAF914C37BD100235178 /* Build configuration list for PBXProject "Big Think" */;
			compatibilityVersion = "Xcode 3.2";
			developmentRegion = English;
			hasScannedForEncodings = 0;
			knownRegions = (
				en,
			);
			mainGroup = FAFBEAF414C37BD100235178;
			productRefGroup = FAFBEB0014C37BD100235178 /* Products */;
			projectDirPath = "";
			projectRoot = "";
			targets = (
				FAFBEAFE14C37BD100235178 /* Big Think */,
			);
		};
/* End PBXProject section */

/* Begin PBXResourcesBuildPhase section */
		FAFBEAFD14C37BD100235178 /* Resources */ = {
			isa = PBXResourcesBuildPhase;
			buildActionMask = 2147483647;
			files = (
				FAFBEB0E14C37BD100235178 /* InfoPlist.strings in Resources */,
				FAFBEB1A14C37BD100235178 /* ExploreViewController_iPhone.xib in Resources */,
				FAFBEB1D14C37BD100235178 /* ExploreViewController_iPad.xib in Resources */,
				FAFBEB2914C37C6B00235178 /* three.png in Resources */,
				FAFBEB2A14C37C6B00235178 /* two.png in Resources */,
				FAFBEB2B14C37C6B00235178 /* one.png in Resources */,
				FAFBEB2C14C37C6B00235178 /* ChaparralPro-Regular.otf in Resources */,
				FAFBEB2D14C37C6B00235178 /* bt.png in Resources */,
				FAFBEB4D14C3B5A300235178 /* RKLargeCellView.xib in Resources */,
				FA72ED7314C3DBB2001A7C25 /* 72Icon.png in Resources */,
				FA72ED7514C3DBBC001A7C25 /* 57Icon.png in Resources */,
				FA70B54B14C4B5FE00DD3D3B /* RKMediumCellView.xib in Resources */,
				FA038E8C14C4EF3F00FB1142 /* RKLargeCellViewiPhone.xib in Resources */,
				FA288DF414C8C69800F470BE /* View.xib in Resources */,
				FA288DF814C8EB2300F470BE /* landscapeBackround.png in Resources */,
				FA288DFD14C8EDE300F470BE /* portraitBackround.png in Resources */,
				FA1538B214CDF7540083A68B /* landscapeBackround-iPhone.png in Resources */,
				FA1538B314CDF7540083A68B /* portraitBackround-iPhone.png in Resources */,
				FA15390014CDFCC60083A68B /* SpeakerViewController_iPad.xib in Resources */,
				FA15390214CDFCF30083A68B /* SpeakerViewController_iPhone.xib in Resources */,
				FA15390414CDFFF60083A68B /* world@2x.png in Resources */,
				FA15390614CE01890083A68B /* games@2x.png in Resources */,
				FA15390A14CE02150083A68B /* games.png in Resources */,
				FA15390B14CE02150083A68B /* world.png in Resources */,
				FA15394514CE1F680083A68B /* noise-tile.png in Resources */,
				FA15394614CE1F680083A68B /* noise-tile@2x.png in Resources */,
				FA15394A14CE2A720083A68B /* TabBarHeader.png in Resources */,
				FA80768314CF49E10081A55A /* gamesSelected.png in Resources */,
				FA80768414CF49E10081A55A /* worldSelected.png in Resources */,
				FAD5038514D7149800E8F891 /* 46-movie-2.png in Resources */,
				FAD5038814D714B800E8F891 /* 34-coffee.png in Resources */,
				FAD5038A14D714D100E8F891 /* 06-magnify.png in Resources */,
				FAD5038C14D714EC00E8F891 /* magnifyingglass.png in Resources */,
				FAD5038E14D714F500E8F891 /* fire.png in Resources */,
				FAD5039614D7157400E8F891 /* FeaturedViewController.xib in Resources */,
				FAD5039B14D7159B00E8F891 /* CatagoriesViewController.xib in Resources */,
				FAD503A814D7378E00E8F891 /* magnifyingglassSelected.png in Resources */,
				FAD503A914D7378E00E8F891 /* fireSelected.png in Resources */,
				FAD503AA14D7378E00E8F891 /* 46-movie-2Selected.png in Resources */,
				FACB55E014E970A300D3C45F /* RKCellViewController.xib in Resources */,
				FACB55E414E9725100D3C45F /* ExploreCellBackround.png in Resources */,
				FACB55ED14E98A0700D3C45F /* playButton.png in Resources */,
				FACB55EE14E98A0700D3C45F /* playButtonSelected.png in Resources */,
				FACB55F014E98BE600D3C45F /* buttonCase.png in Resources */,
				FACB55F214E98DEF00D3C45F /* saveButtonImage.png in Resources */,
				FACB55F414E98EE000D3C45F /* greyButtonBackroundImage.png in Resources */,
				FACB55F814E98FF100D3C45F /* greyButtonBackroundImageSelected.png in Resources */,
				FACB55FF14E991BC00D3C45F /* likeButtonImageSelected.png in Resources */,
				FACB560014E991BC00D3C45F /* likeButtonImage.png in Resources */,
				FACB560114E991BC00D3C45F /* shareButtonImageSelected.png in Resources */,
				FACB560214E991BC00D3C45F /* shareButtonImage.png in Resources */,
				FACB560314E991BC00D3C45F /* saveButtonImageSelected.png in Resources */,
				FA3FA25314EC2C6800EA7C90 /* SpeakerTableViewCell.xib in Resources */,
				FA3FA25A14EC34F500EA7C90 /* speakerImageBackround.png in Resources */,
				FA3FA25B14EC34F500EA7C90 /* speakerBackround.png in Resources */,
				FA3FA26114EC472700EA7C90 /* shot.jpg in Resources */,
				FAD9270814EC6B3C00237861 /* SpeakerModalViewController.xib in Resources */,
				FA488AAD14EDC91400333B1E /* topicsCellBackroundSelected.png in Resources */,
				FA488AAE14EDC91400333B1E /* topicsCellBackround.png in Resources */,
				FA488ABA14EDD15700333B1E /* TopicTableViewCell.xib in Resources */,
				FA488AC014EDDDD200333B1E /* piggy.png in Resources */,
			);
			runOnlyForDeploymentPostprocessing = 0;
		};
/* End PBXResourcesBuildPhase section */

/* Begin PBXSourcesBuildPhase section */
		FAFBEAFB14C37BD100235178 /* Sources */ = {
			isa = PBXSourcesBuildPhase;
			buildActionMask = 2147483647;
			files = (
				FAFBEB1014C37BD100235178 /* main.m in Sources */,
				FAFBEB1414C37BD100235178 /* AppDelegate.m in Sources */,
				FAFBEB1714C37BD100235178 /* ExploreViewController.m in Sources */,
				FAFBEB3414C37CA900235178 /* RKMatrixView.m in Sources */,
				FAFBEB3514C37CA900235178 /* RKMatrixViewCell.m in Sources */,
				FAFBEB3914C37CC600235178 /* UIColor+RKColor.m in Sources */,
				FA70B54F14C4BE9700DD3D3B /* RKMediumCellView.m in Sources */,
				FA70B55214C4C46D00DD3D3B /* RKLargeCellView.m in Sources */,
				FA1538FF14CDFCC60083A68B /* SpeakerViewController.m in Sources */,
				FA15392814CE07950083A68B /* UIView+InnerShadow.m in Sources */,
				FA15392914CE07950083A68B /* UIView+Positioning.m in Sources */,
				FA15392A14CE07950083A68B /* UIView+Size.m in Sources */,
				FA15392B14CE07950083A68B /* JMSelectionView.m in Sources */,
				FA15392C14CE07950083A68B /* JMTabContainer.m in Sources */,
				FA15392D14CE07950083A68B /* JMTabItem.m in Sources */,
				FA15392E14CE07950083A68B /* JMTabView.m in Sources */,
				FA15392F14CE07950083A68B /* BarBackgroundLayer.m in Sources */,
				FA15393414CE0A090083A68B /* BTTabBarController.m in Sources */,
				FA15393F14CE12F90083A68B /* BTTabBarBackroundLayer.m in Sources */,
				FA15394114CE12F90083A68B /* CustomSelectionView.m in Sources */,
				FA80768014CF452E0081A55A /* BTTabBarItem.m in Sources */,
				FA80768C14CF50FC0081A55A /* BTTabView.m in Sources */,
				FA80769814CF6F270081A55A /* FXLabel.m in Sources */,
				FA34227F14D0A4D500D82961 /* UIImage+RKImage.m in Sources */,
				FA79E5CF14D4B07400282817 /* DataBank.m in Sources */,
				FA26EF2214D5F63E009C7E26 /* UIView+JMNoise.m in Sources */,
				FAD5039514D7157400E8F891 /* FeaturedViewController.m in Sources */,
				FAD5039A14D7159B00E8F891 /* CatagoriesViewController.m in Sources */,
				FACB55DF14E970A300D3C45F /* RKCellViewController.m in Sources */,
				FACB55E714E97B2E00D3C45F /* BTVideo.m in Sources */,
				FACB55EA14E97B3E00D3C45F /* BTSpeaker.m in Sources */,
				FA3FA25114EC2C4E00EA7C90 /* SpeakerTableViewCell.m in Sources */,
				FA3FA25714EC30E700EA7C90 /* SpeakerBackroundView.m in Sources */,
				FA3FA25E14EC440300EA7C90 /* UIUnderlinedButton.m in Sources */,
				FAD9270714EC6B3C00237861 /* SpeakerModalViewController.m in Sources */,
				FA488AB814EDD13D00333B1E /* TopicTableViewCell.m in Sources */,
				FA488AE814EE01DA00333B1E /* AQGridView.m in Sources */,
				FA488AE914EE01DA00333B1E /* AQGridViewAnimatorItem.m in Sources */,
				FA488AEA14EE01DA00333B1E /* AQGridViewCell.m in Sources */,
				FA488AEB14EE01DA00333B1E /* AQGridViewController.m in Sources */,
				FA488AEC14EE01DA00333B1E /* AQGridViewData.m in Sources */,
				FA488AED14EE01DA00333B1E /* AQGridViewUpdateInfo.m in Sources */,
				FA488AEE14EE01DA00333B1E /* AQGridViewUpdateItem.m in Sources */,
				FA488AEF14EE01DA00333B1E /* NSIndexSet+AQIndexesOutsideSet.m in Sources */,
				FA488AF014EE01DA00333B1E /* NSIndexSet+AQIsSetContiguous.m in Sources */,
				FA488AF114EE01DA00333B1E /* UIColor+AQGridView.m in Sources */,
				FA488AF414EE085800333B1E /* TopicsGridViewCell.m in Sources */,
			);
			runOnlyForDeploymentPostprocessing = 0;
		};
/* End PBXSourcesBuildPhase section */

/* Begin PBXVariantGroup section */
		FAFBEB0C14C37BD100235178 /* InfoPlist.strings */ = {
			isa = PBXVariantGroup;
			children = (
				FAFBEB0D14C37BD100235178 /* en */,
			);
			name = InfoPlist.strings;
			sourceTree = "<group>";
		};
		FAFBEB1814C37BD100235178 /* ExploreViewController_iPhone.xib */ = {
			isa = PBXVariantGroup;
			children = (
				FAFBEB1914C37BD100235178 /* en */,
			);
			name = ExploreViewController_iPhone.xib;
			sourceTree = "<group>";
		};
		FAFBEB1B14C37BD100235178 /* ExploreViewController_iPad.xib */ = {
			isa = PBXVariantGroup;
			children = (
				FAFBEB1C14C37BD100235178 /* en */,
			);
			name = ExploreViewController_iPad.xib;
			sourceTree = "<group>";
		};
/* End PBXVariantGroup section */

/* Begin XCBuildConfiguration section */
		FA72ED6B14C3CEAF001A7C25 /* Ad hoc */ = {
			isa = XCBuildConfiguration;
			buildSettings = {
				ALWAYS_SEARCH_USER_PATHS = NO;
				ARCHS = "$(ARCHS_STANDARD_32_BIT)";
				CLANG_ENABLE_OBJC_ARC = YES;
				CODE_SIGN_IDENTITY = "Big Think.entitlements";
				"CODE_SIGN_IDENTITY[sdk=iphoneos*]" = "iPhone Distribution";
				COPY_PHASE_STRIP = YES;
				GCC_C_LANGUAGE_STANDARD = gnu99;
				GCC_VERSION = com.apple.compilers.llvm.clang.1_0;
				GCC_WARN_ABOUT_MISSING_PROTOTYPES = YES;
				GCC_WARN_ABOUT_RETURN_TYPE = YES;
				GCC_WARN_UNUSED_VARIABLE = YES;
				IPHONEOS_DEPLOYMENT_TARGET = 4.3;
				OTHER_CFLAGS = "-DNS_BLOCK_ASSERTIONS=1";
				PROVISIONING_PROFILE = "";
				"PROVISIONING_PROFILE[sdk=iphoneos*]" = "";
				SDKROOT = iphoneos;
				TARGETED_DEVICE_FAMILY = "1,2";
				VALIDATE_PRODUCT = YES;
			};
			name = "Ad hoc";
		};
		FA72ED6C14C3CEAF001A7C25 /* Ad hoc */ = {
			isa = XCBuildConfiguration;
			buildSettings = {
				CODE_SIGN_IDENTITY = "iPhone Distribution: Richard Kirk";
				"CODE_SIGN_IDENTITY[sdk=iphoneos*]" = "iPhone Distribution: Richard Kirk";
				GCC_PRECOMPILE_PREFIX_HEADER = YES;
				GCC_PREFIX_HEADER = "Big Think/Big Think-Prefix.pch";
				INFOPLIST_FILE = "Big Think/Big Think-Info.plist";
				IPHONEOS_DEPLOYMENT_TARGET = 4.3;
				PRODUCT_NAME = "$(TARGET_NAME)";
				PROVISIONING_PROFILE = "8C3B6840-FCCF-43C9-B0FB-C3D7F5DF6CFE";
				"PROVISIONING_PROFILE[sdk=iphoneos*]" = "8C3B6840-FCCF-43C9-B0FB-C3D7F5DF6CFE";
				WRAPPER_EXTENSION = app;
			};
			name = "Ad hoc";
		};
		FAFBEB1E14C37BD100235178 /* Debug */ = {
			isa = XCBuildConfiguration;
			buildSettings = {
				ALWAYS_SEARCH_USER_PATHS = NO;
				ARCHS = "$(ARCHS_STANDARD_32_BIT)";
				CLANG_ENABLE_OBJC_ARC = YES;
				"CODE_SIGN_IDENTITY[sdk=iphoneos*]" = "iPhone Developer";
				COPY_PHASE_STRIP = NO;
				GCC_C_LANGUAGE_STANDARD = gnu99;
				GCC_DYNAMIC_NO_PIC = NO;
				GCC_OPTIMIZATION_LEVEL = 0;
				GCC_PREPROCESSOR_DEFINITIONS = (
					"DEBUG=1",
					"$(inherited)",
				);
				GCC_SYMBOLS_PRIVATE_EXTERN = NO;
				GCC_VERSION = com.apple.compilers.llvm.clang.1_0;
				GCC_WARN_ABOUT_MISSING_PROTOTYPES = YES;
				GCC_WARN_ABOUT_RETURN_TYPE = YES;
				GCC_WARN_UNUSED_VARIABLE = YES;
				IPHONEOS_DEPLOYMENT_TARGET = 4.3;
				SDKROOT = iphoneos;
				TARGETED_DEVICE_FAMILY = "1,2";
			};
			name = Debug;
		};
		FAFBEB1F14C37BD100235178 /* Release */ = {
			isa = XCBuildConfiguration;
			buildSettings = {
				ALWAYS_SEARCH_USER_PATHS = NO;
				ARCHS = "$(ARCHS_STANDARD_32_BIT)";
				CLANG_ENABLE_OBJC_ARC = YES;
				"CODE_SIGN_IDENTITY[sdk=iphoneos*]" = "iPhone Developer";
				COPY_PHASE_STRIP = YES;
				GCC_C_LANGUAGE_STANDARD = gnu99;
				GCC_VERSION = com.apple.compilers.llvm.clang.1_0;
				GCC_WARN_ABOUT_MISSING_PROTOTYPES = YES;
				GCC_WARN_ABOUT_RETURN_TYPE = YES;
				GCC_WARN_UNUSED_VARIABLE = YES;
				IPHONEOS_DEPLOYMENT_TARGET = 4.3;
				OTHER_CFLAGS = "-DNS_BLOCK_ASSERTIONS=1";
				SDKROOT = iphoneos;
				TARGETED_DEVICE_FAMILY = "1,2";
				VALIDATE_PRODUCT = YES;
			};
			name = Release;
		};
		FAFBEB2114C37BD100235178 /* Debug */ = {
			isa = XCBuildConfiguration;
			buildSettings = {
				GCC_PRECOMPILE_PREFIX_HEADER = YES;
				GCC_PREFIX_HEADER = "Big Think/Big Think-Prefix.pch";
				INFOPLIST_FILE = "Big Think/Big Think-Info.plist";
				IPHONEOS_DEPLOYMENT_TARGET = 4.3;
				PRODUCT_NAME = "$(TARGET_NAME)";
				WRAPPER_EXTENSION = app;
			};
			name = Debug;
		};
		FAFBEB2214C37BD100235178 /* Release */ = {
			isa = XCBuildConfiguration;
			buildSettings = {
				"CODE_SIGN_IDENTITY[sdk=iphoneos*]" = "iPhone Distribution";
				GCC_PRECOMPILE_PREFIX_HEADER = YES;
				GCC_PREFIX_HEADER = "Big Think/Big Think-Prefix.pch";
				INFOPLIST_FILE = "Big Think/Big Think-Info.plist";
				IPHONEOS_DEPLOYMENT_TARGET = 4.3;
				PRODUCT_NAME = "$(TARGET_NAME)";
				"PROVISIONING_PROFILE[sdk=iphoneos*]" = "";
				WRAPPER_EXTENSION = app;
			};
			name = Release;
		};
/* End XCBuildConfiguration section */

/* Begin XCConfigurationList section */
		FAFBEAF914C37BD100235178 /* Build configuration list for PBXProject "Big Think" */ = {
			isa = XCConfigurationList;
			buildConfigurations = (
				FAFBEB1E14C37BD100235178 /* Debug */,
				FAFBEB1F14C37BD100235178 /* Release */,
				FA72ED6B14C3CEAF001A7C25 /* Ad hoc */,
			);
			defaultConfigurationIsVisible = 0;
			defaultConfigurationName = Release;
		};
		FAFBEB2014C37BD100235178 /* Build configuration list for PBXNativeTarget "Big Think" */ = {
			isa = XCConfigurationList;
			buildConfigurations = (
				FAFBEB2114C37BD100235178 /* Debug */,
				FAFBEB2214C37BD100235178 /* Release */,
				FA72ED6C14C3CEAF001A7C25 /* Ad hoc */,
			);
			defaultConfigurationIsVisible = 0;
			defaultConfigurationName = Release;
		};
/* End XCConfigurationList section */
	};
	rootObject = FAFBEAF614C37BD100235178 /* Project object */;
}
